// !$*UTF8*$!
{
	archiveVersion = 1;
	classes = {
	};
	objectVersion = 50;
	objects = {

/* Begin PBXBuildFile section */
		9B9754A4C2BF6C71D4054343 /* libPods-MONO.a in Frameworks */ = {isa = PBXBuildFile; fileRef = EE62D50C46A99B299387083C /* libPods-MONO.a */; };
		DB8709A4214A64D4003049C5 /* ViewController.m in Sources */ = {isa = PBXBuildFile; fileRef = DB8709A3214A64D4003049C5 /* ViewController.m */; };
		DB8709A7214A64D4003049C5 /* Main.storyboard in Resources */ = {isa = PBXBuildFile; fileRef = DB8709A5214A64D4003049C5 /* Main.storyboard */; };
		DB8709A9214A64D6003049C5 /* Assets.xcassets in Resources */ = {isa = PBXBuildFile; fileRef = DB8709A8214A64D6003049C5 /* Assets.xcassets */; };
		DB8709AC214A64D6003049C5 /* LaunchScreen.storyboard in Resources */ = {isa = PBXBuildFile; fileRef = DB8709AA214A64D6003049C5 /* LaunchScreen.storyboard */; };
		DB8709AF214A64D6003049C5 /* main.m in Sources */ = {isa = PBXBuildFile; fileRef = DB8709AE214A64D6003049C5 /* main.m */; };
		DB8709BD214A669F003049C5 /* AppDelegate.m in Sources */ = {isa = PBXBuildFile; fileRef = DB8709B8214A669F003049C5 /* AppDelegate.m */; };
		DBA88D57214B918E00514269 /* CommendMethod.m in Sources */ = {isa = PBXBuildFile; fileRef = DBA88D41214B918E00514269 /* CommendMethod.m */; };
		DBA88D58214B918E00514269 /* GGStartMovieView.m in Sources */ = {isa = PBXBuildFile; fileRef = DBA88D44214B918E00514269 /* GGStartMovieView.m */; };
		DBA88D59214B918E00514269 /* PushAnimationView.m in Sources */ = {isa = PBXBuildFile; fileRef = DBA88D45214B918E00514269 /* PushAnimationView.m */; };
		DBA88D5A214B918E00514269 /* UIImage+LaunchImage.m in Sources */ = {isa = PBXBuildFile; fileRef = DBA88D46214B918E00514269 /* UIImage+LaunchImage.m */; };
		DBA88D5B214B918E00514269 /* GGStartMovieHelper.m in Sources */ = {isa = PBXBuildFile; fileRef = DBA88D4B214B918E00514269 /* GGStartMovieHelper.m */; };
		DBA88D5C214B918E00514269 /* MNNetworkTool.m in Sources */ = {isa = PBXBuildFile; fileRef = DBA88D4E214B918E00514269 /* MNNetworkTool.m */; };
		DBA88D5D214B918E00514269 /* MNMusicPlayer.m in Sources */ = {isa = PBXBuildFile; fileRef = DBA88D50214B918E00514269 /* MNMusicPlayer.m */; };
		DBA88D5E214B918E00514269 /* MNRefreshFooter.m in Sources */ = {isa = PBXBuildFile; fileRef = DBA88D53214B918E00514269 /* MNRefreshFooter.m */; };
		DBA88D5F214B918E00514269 /* MNRefreshBlackHeader.m in Sources */ = {isa = PBXBuildFile; fileRef = DBA88D56214B918E00514269 /* MNRefreshBlackHeader.m */; };
		DBA88D73214B91EE00514269 /* NSObject+Additions.m in Sources */ = {isa = PBXBuildFile; fileRef = DBA88D61214B91ED00514269 /* NSObject+Additions.m */; };
		DBA88D74214B91EE00514269 /* NSDictionary+Additions.m in Sources */ = {isa = PBXBuildFile; fileRef = DBA88D63214B91EE00514269 /* NSDictionary+Additions.m */; };
		DBA88D75214B91EE00514269 /* NSArray+MHAdd.m in Sources */ = {isa = PBXBuildFile; fileRef = DBA88D64214B91EE00514269 /* NSArray+MHAdd.m */; };
		DBA88D76214B91EE00514269 /* UIColor+Additions.m in Sources */ = {isa = PBXBuildFile; fileRef = DBA88D65214B91EE00514269 /* UIColor+Additions.m */; };
		DBA88D77214B91EE00514269 /* UIView+Additions.m in Sources */ = {isa = PBXBuildFile; fileRef = DBA88D66214B91EE00514269 /* UIView+Additions.m */; };
		DBA88D78214B91EE00514269 /* UIImageView+WebLoad.m in Sources */ = {isa = PBXBuildFile; fileRef = DBA88D67214B91EE00514269 /* UIImageView+WebLoad.m */; };
		DBA88D79214B91EE00514269 /* MBProgressHUD+Message.m in Sources */ = {isa = PBXBuildFile; fileRef = DBA88D69214B91EE00514269 /* MBProgressHUD+Message.m */; };
		DBD4A2AD214B2A2E00C3FA70 /* MBProgressHUD.m in Sources */ = {isa = PBXBuildFile; fileRef = DBD4A261214B2A2D00C3FA70 /* MBProgressHUD.m */; };
		DBD4A2AE214B2A2E00C3FA70 /* MBSwitch.m in Sources */ = {isa = PBXBuildFile; fileRef = DBD4A263214B2A2D00C3FA70 /* MBSwitch.m */; };
		DBD4A2AF214B2A2E00C3FA70 /* ACActionSheet.bundle in Resources */ = {isa = PBXBuildFile; fileRef = DBD4A267214B2A2D00C3FA70 /* ACActionSheet.bundle */; };
		DBD4A2B0214B2A2E00C3FA70 /* ACActionSheet.m in Sources */ = {isa = PBXBuildFile; fileRef = DBD4A268214B2A2D00C3FA70 /* ACActionSheet.m */; };
		DBD4A2B1214B2A2E00C3FA70 /* SPPageMenu.m in Sources */ = {isa = PBXBuildFile; fileRef = DBD4A269214B2A2D00C3FA70 /* SPPageMenu.m */; };
		DBD4A2B2214B2A2E00C3FA70 /* XDProgressView.m in Sources */ = {isa = PBXBuildFile; fileRef = DBD4A26C214B2A2D00C3FA70 /* XDProgressView.m */; };
		DBD4A2B3214B2A2E00C3FA70 /* UIView+SDAutoLayout.m in Sources */ = {isa = PBXBuildFile; fileRef = DBD4A26E214B2A2D00C3FA70 /* UIView+SDAutoLayout.m */; };
		DBD4A2B4214B2A2E00C3FA70 /* UITableView+SDAutoTableViewCellHeight.m in Sources */ = {isa = PBXBuildFile; fileRef = DBD4A271214B2A2D00C3FA70 /* UITableView+SDAutoTableViewCellHeight.m */; };
		DBD4A2B5214B2A2E00C3FA70 /* YYFPSLabel.m in Sources */ = {isa = PBXBuildFile; fileRef = DBD4A273214B2A2D00C3FA70 /* YYFPSLabel.m */; };
		DBD4A2B6214B2A2E00C3FA70 /* JKJSONHandler.m in Sources */ = {isa = PBXBuildFile; fileRef = DBD4A276214B2A2D00C3FA70 /* JKJSONHandler.m */; };
		DBD4A2B7214B2A2E00C3FA70 /* JKRouterExtension.m in Sources */ = {isa = PBXBuildFile; fileRef = DBD4A277214B2A2D00C3FA70 /* JKRouterExtension.m */; };
		DBD4A2B8214B2A2E00C3FA70 /* JKRouter.m in Sources */ = {isa = PBXBuildFile; fileRef = DBD4A279214B2A2D00C3FA70 /* JKRouter.m */; };
		DBD4A2B9214B2A2E00C3FA70 /* UIViewController+JKRouter.m in Sources */ = {isa = PBXBuildFile; fileRef = DBD4A27E214B2A2D00C3FA70 /* UIViewController+JKRouter.m */; };
		DBD4A2BA214B2A2E00C3FA70 /* RQShineLabel.m in Sources */ = {isa = PBXBuildFile; fileRef = DBD4A280214B2A2D00C3FA70 /* RQShineLabel.m */; };
		DBD4A2BB214B2A2E00C3FA70 /* YYWeakProxy.m in Sources */ = {isa = PBXBuildFile; fileRef = DBD4A283214B2A2E00C3FA70 /* YYWeakProxy.m */; };
		DBD4A2BC214B2A2E00C3FA70 /* YBImageBrowserAnimatedTransitioning.m in Sources */ = {isa = PBXBuildFile; fileRef = DBD4A287214B2A2E00C3FA70 /* YBImageBrowserAnimatedTransitioning.m */; };
		DBD4A2BD214B2A2E00C3FA70 /* YBImageBrowserFunctionModel.m in Sources */ = {isa = PBXBuildFile; fileRef = DBD4A28A214B2A2E00C3FA70 /* YBImageBrowserFunctionModel.m */; };
		DBD4A2BE214B2A2E00C3FA70 /* YBImageBrowserFunctionBar.m in Sources */ = {isa = PBXBuildFile; fileRef = DBD4A28B214B2A2E00C3FA70 /* YBImageBrowserFunctionBar.m */; };
		DBD4A2BF214B2A2E00C3FA70 /* YBImageBrowserToolBar.m in Sources */ = {isa = PBXBuildFile; fileRef = DBD4A28E214B2A2E00C3FA70 /* YBImageBrowserToolBar.m */; };
		DBD4A2C0214B2A2E00C3FA70 /* YBImageBrowser.m in Sources */ = {isa = PBXBuildFile; fileRef = DBD4A290214B2A2E00C3FA70 /* YBImageBrowser.m */; };
		DBD4A2C1214B2A2E00C3FA70 /* YBImageBrowserCell.m in Sources */ = {isa = PBXBuildFile; fileRef = DBD4A292214B2A2E00C3FA70 /* YBImageBrowserCell.m */; };
		DBD4A2C2214B2A2E00C3FA70 /* YBImageBrowserView.m in Sources */ = {isa = PBXBuildFile; fileRef = DBD4A294214B2A2E00C3FA70 /* YBImageBrowserView.m */; };
		DBD4A2C3214B2A2E00C3FA70 /* YBImageBrowserModel.m in Sources */ = {isa = PBXBuildFile; fileRef = DBD4A296214B2A2E00C3FA70 /* YBImageBrowserModel.m */; };
		DBD4A2C4214B2A2E00C3FA70 /* YBImageBrowserViewLayout.m in Sources */ = {isa = PBXBuildFile; fileRef = DBD4A299214B2A2E00C3FA70 /* YBImageBrowserViewLayout.m */; };
		DBD4A2C5214B2A2E00C3FA70 /* YBImageBrowserCopywriter.m in Sources */ = {isa = PBXBuildFile; fileRef = DBD4A2A0214B2A2E00C3FA70 /* YBImageBrowserCopywriter.m */; };
		DBD4A2C6214B2A2E00C3FA70 /* NSBundle+YBImageBrowser.m in Sources */ = {isa = PBXBuildFile; fileRef = DBD4A2A1214B2A2E00C3FA70 /* NSBundle+YBImageBrowser.m */; };
		DBD4A2C7214B2A2E00C3FA70 /* YBImageBrowserUtilities.m in Sources */ = {isa = PBXBuildFile; fileRef = DBD4A2A2214B2A2E00C3FA70 /* YBImageBrowserUtilities.m */; };
		DBD4A2C8214B2A2E00C3FA70 /* YBImageBrowserDownloader.m in Sources */ = {isa = PBXBuildFile; fileRef = DBD4A2A3214B2A2E00C3FA70 /* YBImageBrowserDownloader.m */; };
		DBD4A2C9214B2A2E00C3FA70 /* YBImageBrowserPromptBar.m in Sources */ = {isa = PBXBuildFile; fileRef = DBD4A2A5214B2A2E00C3FA70 /* YBImageBrowserPromptBar.m */; };
		DBD4A2CA214B2A2E00C3FA70 /* YBImageBrowserProgressBar.m in Sources */ = {isa = PBXBuildFile; fileRef = DBD4A2A6214B2A2E00C3FA70 /* YBImageBrowserProgressBar.m */; };
		DBD4A2CB214B2A2E00C3FA70 /* YBImageBrowser.bundle in Resources */ = {isa = PBXBuildFile; fileRef = DBD4A2AA214B2A2E00C3FA70 /* YBImageBrowser.bundle */; };
/* End PBXBuildFile section */

/* Begin PBXFileReference section */
		C6830A0F878E0A23BBF619C0 /* Pods-MONO.release.xcconfig */ = {isa = PBXFileReference; includeInIndex = 1; lastKnownFileType = text.xcconfig; name = "Pods-MONO.release.xcconfig"; path = "Pods/Target Support Files/Pods-MONO/Pods-MONO.release.xcconfig"; sourceTree = "<group>"; };
		D12B97E57ED9E58E430C83E1 /* Pods-MONO.debug.xcconfig */ = {isa = PBXFileReference; includeInIndex = 1; lastKnownFileType = text.xcconfig; name = "Pods-MONO.debug.xcconfig"; path = "Pods/Target Support Files/Pods-MONO/Pods-MONO.debug.xcconfig"; sourceTree = "<group>"; };
		DB87099C214A64D4003049C5 /* MONO.app */ = {isa = PBXFileReference; explicitFileType = wrapper.application; includeInIndex = 0; path = MONO.app; sourceTree = BUILT_PRODUCTS_DIR; };
		DB8709A2214A64D4003049C5 /* ViewController.h */ = {isa = PBXFileReference; lastKnownFileType = sourcecode.c.h; path = ViewController.h; sourceTree = "<group>"; };
		DB8709A3214A64D4003049C5 /* ViewController.m */ = {isa = PBXFileReference; lastKnownFileType = sourcecode.c.objc; path = ViewController.m; sourceTree = "<group>"; };
		DB8709A6214A64D4003049C5 /* Base */ = {isa = PBXFileReference; lastKnownFileType = file.storyboard; name = Base; path = Base.lproj/Main.storyboard; sourceTree = "<group>"; };
		DB8709A8214A64D6003049C5 /* Assets.xcassets */ = {isa = PBXFileReference; lastKnownFileType = folder.assetcatalog; path = Assets.xcassets; sourceTree = "<group>"; };
		DB8709AB214A64D6003049C5 /* Base */ = {isa = PBXFileReference; lastKnownFileType = file.storyboard; name = Base; path = Base.lproj/LaunchScreen.storyboard; sourceTree = "<group>"; };
		DB8709AD214A64D6003049C5 /* Info.plist */ = {isa = PBXFileReference; lastKnownFileType = text.plist.xml; path = Info.plist; sourceTree = "<group>"; };
		DB8709AE214A64D6003049C5 /* main.m */ = {isa = PBXFileReference; lastKnownFileType = sourcecode.c.objc; path = main.m; sourceTree = "<group>"; };
		DB8709B7214A669F003049C5 /* AppDelegate.h */ = {isa = PBXFileReference; fileEncoding = 4; lastKnownFileType = sourcecode.c.h; path = AppDelegate.h; sourceTree = "<group>"; };
		DB8709B8214A669F003049C5 /* AppDelegate.m */ = {isa = PBXFileReference; fileEncoding = 4; lastKnownFileType = sourcecode.c.objc; path = AppDelegate.m; sourceTree = "<group>"; };
		DBA88D40214B918E00514269 /* CommendMethod.h */ = {isa = PBXFileReference; fileEncoding = 4; lastKnownFileType = sourcecode.c.h; path = CommendMethod.h; sourceTree = "<group>"; };
		DBA88D41214B918E00514269 /* CommendMethod.m */ = {isa = PBXFileReference; fileEncoding = 4; lastKnownFileType = sourcecode.c.objc; path = CommendMethod.m; sourceTree = "<group>"; };
		DBA88D44214B918E00514269 /* GGStartMovieView.m */ = {isa = PBXFileReference; fileEncoding = 4; lastKnownFileType = sourcecode.c.objc; path = GGStartMovieView.m; sourceTree = "<group>"; };
		DBA88D45214B918E00514269 /* PushAnimationView.m */ = {isa = PBXFileReference; fileEncoding = 4; lastKnownFileType = sourcecode.c.objc; path = PushAnimationView.m; sourceTree = "<group>"; };
		DBA88D46214B918E00514269 /* UIImage+LaunchImage.m */ = {isa = PBXFileReference; fileEncoding = 4; lastKnownFileType = sourcecode.c.objc; path = "UIImage+LaunchImage.m"; sourceTree = "<group>"; };
		DBA88D47214B918E00514269 /* GGStartMovieHelper.h */ = {isa = PBXFileReference; fileEncoding = 4; lastKnownFileType = sourcecode.c.h; path = GGStartMovieHelper.h; sourceTree = "<group>"; };
		DBA88D48214B918E00514269 /* PushAnimationView.h */ = {isa = PBXFileReference; fileEncoding = 4; lastKnownFileType = sourcecode.c.h; path = PushAnimationView.h; sourceTree = "<group>"; };
		DBA88D49214B918E00514269 /* GGStartMovieView.h */ = {isa = PBXFileReference; fileEncoding = 4; lastKnownFileType = sourcecode.c.h; path = GGStartMovieView.h; sourceTree = "<group>"; };
		DBA88D4A214B918E00514269 /* UIImage+LaunchImage.h */ = {isa = PBXFileReference; fileEncoding = 4; lastKnownFileType = sourcecode.c.h; path = "UIImage+LaunchImage.h"; sourceTree = "<group>"; };
		DBA88D4B214B918E00514269 /* GGStartMovieHelper.m */ = {isa = PBXFileReference; fileEncoding = 4; lastKnownFileType = sourcecode.c.objc; path = GGStartMovieHelper.m; sourceTree = "<group>"; };
		DBA88D4D214B918E00514269 /* MNNetworkTool.h */ = {isa = PBXFileReference; fileEncoding = 4; lastKnownFileType = sourcecode.c.h; path = MNNetworkTool.h; sourceTree = "<group>"; };
		DBA88D4E214B918E00514269 /* MNNetworkTool.m */ = {isa = PBXFileReference; fileEncoding = 4; lastKnownFileType = sourcecode.c.objc; path = MNNetworkTool.m; sourceTree = "<group>"; };
		DBA88D50214B918E00514269 /* MNMusicPlayer.m */ = {isa = PBXFileReference; fileEncoding = 4; lastKnownFileType = sourcecode.c.objc; path = MNMusicPlayer.m; sourceTree = "<group>"; };
		DBA88D51214B918E00514269 /* MNMusicPlayer.h */ = {isa = PBXFileReference; fileEncoding = 4; lastKnownFileType = sourcecode.c.h; path = MNMusicPlayer.h; sourceTree = "<group>"; };
		DBA88D53214B918E00514269 /* MNRefreshFooter.m */ = {isa = PBXFileReference; fileEncoding = 4; lastKnownFileType = sourcecode.c.objc; path = MNRefreshFooter.m; sourceTree = "<group>"; };
		DBA88D54214B918E00514269 /* MNRefreshBlackHeader.h */ = {isa = PBXFileReference; fileEncoding = 4; lastKnownFileType = sourcecode.c.h; path = MNRefreshBlackHeader.h; sourceTree = "<group>"; };
		DBA88D55214B918E00514269 /* MNRefreshFooter.h */ = {isa = PBXFileReference; fileEncoding = 4; lastKnownFileType = sourcecode.c.h; path = MNRefreshFooter.h; sourceTree = "<group>"; };
		DBA88D56214B918E00514269 /* MNRefreshBlackHeader.m */ = {isa = PBXFileReference; fileEncoding = 4; lastKnownFileType = sourcecode.c.objc; path = MNRefreshBlackHeader.m; sourceTree = "<group>"; };
		DBA88D61214B91ED00514269 /* NSObject+Additions.m */ = {isa = PBXFileReference; fileEncoding = 4; lastKnownFileType = sourcecode.c.objc; path = "NSObject+Additions.m"; sourceTree = "<group>"; };
		DBA88D62214B91ED00514269 /* MBProgressHUD+Message.h */ = {isa = PBXFileReference; fileEncoding = 4; lastKnownFileType = sourcecode.c.h; path = "MBProgressHUD+Message.h"; sourceTree = "<group>"; };
		DBA88D63214B91EE00514269 /* NSDictionary+Additions.m */ = {isa = PBXFileReference; fileEncoding = 4; lastKnownFileType = sourcecode.c.objc; path = "NSDictionary+Additions.m"; sourceTree = "<group>"; };
		DBA88D64214B91EE00514269 /* NSArray+MHAdd.m */ = {isa = PBXFileReference; fileEncoding = 4; lastKnownFileType = sourcecode.c.objc; path = "NSArray+MHAdd.m"; sourceTree = "<group>"; };
		DBA88D65214B91EE00514269 /* UIColor+Additions.m */ = {isa = PBXFileReference; fileEncoding = 4; lastKnownFileType = sourcecode.c.objc; path = "UIColor+Additions.m"; sourceTree = "<group>"; };
		DBA88D66214B91EE00514269 /* UIView+Additions.m */ = {isa = PBXFileReference; fileEncoding = 4; lastKnownFileType = sourcecode.c.objc; path = "UIView+Additions.m"; sourceTree = "<group>"; };
		DBA88D67214B91EE00514269 /* UIImageView+WebLoad.m */ = {isa = PBXFileReference; fileEncoding = 4; lastKnownFileType = sourcecode.c.objc; path = "UIImageView+WebLoad.m"; sourceTree = "<group>"; };
		DBA88D68214B91EE00514269 /* NSDictionary+Additions.h */ = {isa = PBXFileReference; fileEncoding = 4; lastKnownFileType = sourcecode.c.h; path = "NSDictionary+Additions.h"; sourceTree = "<group>"; };
		DBA88D69214B91EE00514269 /* MBProgressHUD+Message.m */ = {isa = PBXFileReference; fileEncoding = 4; lastKnownFileType = sourcecode.c.objc; path = "MBProgressHUD+Message.m"; sourceTree = "<group>"; };
		DBA88D6A214B91EE00514269 /* NSObject+Additions.h */ = {isa = PBXFileReference; fileEncoding = 4; lastKnownFileType = sourcecode.c.h; path = "NSObject+Additions.h"; sourceTree = "<group>"; };
		DBA88D6B214B91EE00514269 /* UIColor+Additions.h */ = {isa = PBXFileReference; fileEncoding = 4; lastKnownFileType = sourcecode.c.h; path = "UIColor+Additions.h"; sourceTree = "<group>"; };
		DBA88D6C214B91EE00514269 /* NSArray+MHAdd.h */ = {isa = PBXFileReference; fileEncoding = 4; lastKnownFileType = sourcecode.c.h; path = "NSArray+MHAdd.h"; sourceTree = "<group>"; };
		DBA88D6D214B91EE00514269 /* UIView+Additions.h */ = {isa = PBXFileReference; fileEncoding = 4; lastKnownFileType = sourcecode.c.h; path = "UIView+Additions.h"; sourceTree = "<group>"; };
		DBA88D6E214B91EE00514269 /* UIImageView+WebLoad.h */ = {isa = PBXFileReference; fileEncoding = 4; lastKnownFileType = sourcecode.c.h; path = "UIImageView+WebLoad.h"; sourceTree = "<group>"; };
		DBA88D7B214B946E00514269 /* MonoEnum.h */ = {isa = PBXFileReference; lastKnownFileType = sourcecode.c.h; path = MonoEnum.h; sourceTree = "<group>"; };
		DBD4A260214B298600C3FA70 /* PrefixHeader.pch */ = {isa = PBXFileReference; fileEncoding = 4; lastKnownFileType = sourcecode.c.h; path = PrefixHeader.pch; sourceTree = "<group>"; };
		DBD4A261214B2A2D00C3FA70 /* MBProgressHUD.m */ = {isa = PBXFileReference; fileEncoding = 4; lastKnownFileType = sourcecode.c.objc; path = MBProgressHUD.m; sourceTree = "<group>"; };
		DBD4A263214B2A2D00C3FA70 /* MBSwitch.m */ = {isa = PBXFileReference; fileEncoding = 4; lastKnownFileType = sourcecode.c.objc; path = MBSwitch.m; sourceTree = "<group>"; };
		DBD4A264214B2A2D00C3FA70 /* MBSwitch.h */ = {isa = PBXFileReference; fileEncoding = 4; lastKnownFileType = sourcecode.c.h; path = MBSwitch.h; sourceTree = "<group>"; };
		DBD4A266214B2A2D00C3FA70 /* ACActionSheet.h */ = {isa = PBXFileReference; fileEncoding = 4; lastKnownFileType = sourcecode.c.h; path = ACActionSheet.h; sourceTree = "<group>"; };
		DBD4A267214B2A2D00C3FA70 /* ACActionSheet.bundle */ = {isa = PBXFileReference; lastKnownFileType = "wrapper.plug-in"; path = ACActionSheet.bundle; sourceTree = "<group>"; };
		DBD4A268214B2A2D00C3FA70 /* ACActionSheet.m */ = {isa = PBXFileReference; fileEncoding = 4; lastKnownFileType = sourcecode.c.objc; path = ACActionSheet.m; sourceTree = "<group>"; };
		DBD4A269214B2A2D00C3FA70 /* SPPageMenu.m */ = {isa = PBXFileReference; fileEncoding = 4; lastKnownFileType = sourcecode.c.objc; path = SPPageMenu.m; sourceTree = "<group>"; };
		DBD4A26B214B2A2D00C3FA70 /* XDProgressView.h */ = {isa = PBXFileReference; fileEncoding = 4; lastKnownFileType = sourcecode.c.h; path = XDProgressView.h; sourceTree = "<group>"; };
		DBD4A26C214B2A2D00C3FA70 /* XDProgressView.m */ = {isa = PBXFileReference; fileEncoding = 4; lastKnownFileType = sourcecode.c.objc; path = XDProgressView.m; sourceTree = "<group>"; };
		DBD4A26E214B2A2D00C3FA70 /* UIView+SDAutoLayout.m */ = {isa = PBXFileReference; fileEncoding = 4; lastKnownFileType = sourcecode.c.objc; path = "UIView+SDAutoLayout.m"; sourceTree = "<group>"; };
		DBD4A26F214B2A2D00C3FA70 /* UITableView+SDAutoTableViewCellHeight.h */ = {isa = PBXFileReference; fileEncoding = 4; lastKnownFileType = sourcecode.c.h; path = "UITableView+SDAutoTableViewCellHeight.h"; sourceTree = "<group>"; };
		DBD4A270214B2A2D00C3FA70 /* SDAutoLayout.h */ = {isa = PBXFileReference; fileEncoding = 4; lastKnownFileType = sourcecode.c.h; path = SDAutoLayout.h; sourceTree = "<group>"; };
		DBD4A271214B2A2D00C3FA70 /* UITableView+SDAutoTableViewCellHeight.m */ = {isa = PBXFileReference; fileEncoding = 4; lastKnownFileType = sourcecode.c.objc; path = "UITableView+SDAutoTableViewCellHeight.m"; sourceTree = "<group>"; };
		DBD4A272214B2A2D00C3FA70 /* UIView+SDAutoLayout.h */ = {isa = PBXFileReference; fileEncoding = 4; lastKnownFileType = sourcecode.c.h; path = "UIView+SDAutoLayout.h"; sourceTree = "<group>"; };
		DBD4A273214B2A2D00C3FA70 /* YYFPSLabel.m */ = {isa = PBXFileReference; fileEncoding = 4; lastKnownFileType = sourcecode.c.objc; path = YYFPSLabel.m; sourceTree = "<group>"; };
		DBD4A274214B2A2D00C3FA70 /* YYFPSLabel.h */ = {isa = PBXFileReference; fileEncoding = 4; lastKnownFileType = sourcecode.c.h; path = YYFPSLabel.h; sourceTree = "<group>"; };
		DBD4A276214B2A2D00C3FA70 /* JKJSONHandler.m */ = {isa = PBXFileReference; fileEncoding = 4; lastKnownFileType = sourcecode.c.objc; path = JKJSONHandler.m; sourceTree = "<group>"; };
		DBD4A277214B2A2D00C3FA70 /* JKRouterExtension.m */ = {isa = PBXFileReference; fileEncoding = 4; lastKnownFileType = sourcecode.c.objc; path = JKRouterExtension.m; sourceTree = "<group>"; };
		DBD4A278214B2A2D00C3FA70 /* UIViewController+JKRouter.h */ = {isa = PBXFileReference; fileEncoding = 4; lastKnownFileType = sourcecode.c.h; path = "UIViewController+JKRouter.h"; sourceTree = "<group>"; };
		DBD4A279214B2A2D00C3FA70 /* JKRouter.m */ = {isa = PBXFileReference; fileEncoding = 4; lastKnownFileType = sourcecode.c.objc; path = JKRouter.m; sourceTree = "<group>"; };
		DBD4A27A214B2A2D00C3FA70 /* JKJSONHandler.h */ = {isa = PBXFileReference; fileEncoding = 4; lastKnownFileType = sourcecode.c.h; path = JKJSONHandler.h; sourceTree = "<group>"; };
		DBD4A27B214B2A2D00C3FA70 /* JKRouterExtension.h */ = {isa = PBXFileReference; fileEncoding = 4; lastKnownFileType = sourcecode.c.h; path = JKRouterExtension.h; sourceTree = "<group>"; };
		DBD4A27C214B2A2D00C3FA70 /* JKRouterHeader.h */ = {isa = PBXFileReference; fileEncoding = 4; lastKnownFileType = sourcecode.c.h; path = JKRouterHeader.h; sourceTree = "<group>"; };
		DBD4A27D214B2A2D00C3FA70 /* JKRouter.h */ = {isa = PBXFileReference; fileEncoding = 4; lastKnownFileType = sourcecode.c.h; path = JKRouter.h; sourceTree = "<group>"; };
		DBD4A27E214B2A2D00C3FA70 /* UIViewController+JKRouter.m */ = {isa = PBXFileReference; fileEncoding = 4; lastKnownFileType = sourcecode.c.objc; path = "UIViewController+JKRouter.m"; sourceTree = "<group>"; };
		DBD4A280214B2A2D00C3FA70 /* RQShineLabel.m */ = {isa = PBXFileReference; fileEncoding = 4; lastKnownFileType = sourcecode.c.objc; path = RQShineLabel.m; sourceTree = "<group>"; };
		DBD4A281214B2A2D00C3FA70 /* RQShineLabel.h */ = {isa = PBXFileReference; fileEncoding = 4; lastKnownFileType = sourcecode.c.h; path = RQShineLabel.h; sourceTree = "<group>"; };
		DBD4A282214B2A2D00C3FA70 /* MBProgressHUD.h */ = {isa = PBXFileReference; fileEncoding = 4; lastKnownFileType = sourcecode.c.h; path = MBProgressHUD.h; sourceTree = "<group>"; };
		DBD4A283214B2A2E00C3FA70 /* YYWeakProxy.m */ = {isa = PBXFileReference; fileEncoding = 4; lastKnownFileType = sourcecode.c.objc; path = YYWeakProxy.m; sourceTree = "<group>"; };
		DBD4A286214B2A2E00C3FA70 /* YBImageBrowserAnimatedTransitioning.h */ = {isa = PBXFileReference; fileEncoding = 4; lastKnownFileType = sourcecode.c.h; path = YBImageBrowserAnimatedTransitioning.h; sourceTree = "<group>"; };
		DBD4A287214B2A2E00C3FA70 /* YBImageBrowserAnimatedTransitioning.m */ = {isa = PBXFileReference; fileEncoding = 4; lastKnownFileType = sourcecode.c.objc; path = YBImageBrowserAnimatedTransitioning.m; sourceTree = "<group>"; };
		DBD4A289214B2A2E00C3FA70 /* YBImageBrowserFunctionBar.h */ = {isa = PBXFileReference; fileEncoding = 4; lastKnownFileType = sourcecode.c.h; path = YBImageBrowserFunctionBar.h; sourceTree = "<group>"; };
		DBD4A28A214B2A2E00C3FA70 /* YBImageBrowserFunctionModel.m */ = {isa = PBXFileReference; fileEncoding = 4; lastKnownFileType = sourcecode.c.objc; path = YBImageBrowserFunctionModel.m; sourceTree = "<group>"; };
		DBD4A28B214B2A2E00C3FA70 /* YBImageBrowserFunctionBar.m */ = {isa = PBXFileReference; fileEncoding = 4; lastKnownFileType = sourcecode.c.objc; path = YBImageBrowserFunctionBar.m; sourceTree = "<group>"; };
		DBD4A28C214B2A2E00C3FA70 /* YBImageBrowserFunctionModel.h */ = {isa = PBXFileReference; fileEncoding = 4; lastKnownFileType = sourcecode.c.h; path = YBImageBrowserFunctionModel.h; sourceTree = "<group>"; };
		DBD4A28E214B2A2E00C3FA70 /* YBImageBrowserToolBar.m */ = {isa = PBXFileReference; fileEncoding = 4; lastKnownFileType = sourcecode.c.objc; path = YBImageBrowserToolBar.m; sourceTree = "<group>"; };
		DBD4A28F214B2A2E00C3FA70 /* YBImageBrowserToolBar.h */ = {isa = PBXFileReference; fileEncoding = 4; lastKnownFileType = sourcecode.c.h; path = YBImageBrowserToolBar.h; sourceTree = "<group>"; };
		DBD4A290214B2A2E00C3FA70 /* YBImageBrowser.m */ = {isa = PBXFileReference; fileEncoding = 4; lastKnownFileType = sourcecode.c.objc; path = YBImageBrowser.m; sourceTree = "<group>"; };
		DBD4A292214B2A2E00C3FA70 /* YBImageBrowserCell.m */ = {isa = PBXFileReference; fileEncoding = 4; lastKnownFileType = sourcecode.c.objc; path = YBImageBrowserCell.m; sourceTree = "<group>"; };
		DBD4A293214B2A2E00C3FA70 /* YBImageBrowserModel.h */ = {isa = PBXFileReference; fileEncoding = 4; lastKnownFileType = sourcecode.c.h; path = YBImageBrowserModel.h; sourceTree = "<group>"; };
		DBD4A294214B2A2E00C3FA70 /* YBImageBrowserView.m */ = {isa = PBXFileReference; fileEncoding = 4; lastKnownFileType = sourcecode.c.objc; path = YBImageBrowserView.m; sourceTree = "<group>"; };
		DBD4A295214B2A2E00C3FA70 /* YBImageBrowserViewLayout.h */ = {isa = PBXFileReference; fileEncoding = 4; lastKnownFileType = sourcecode.c.h; path = YBImageBrowserViewLayout.h; sourceTree = "<group>"; };
		DBD4A296214B2A2E00C3FA70 /* YBImageBrowserModel.m */ = {isa = PBXFileReference; fileEncoding = 4; lastKnownFileType = sourcecode.c.objc; path = YBImageBrowserModel.m; sourceTree = "<group>"; };
		DBD4A297214B2A2E00C3FA70 /* YBImageBrowserCell.h */ = {isa = PBXFileReference; fileEncoding = 4; lastKnownFileType = sourcecode.c.h; path = YBImageBrowserCell.h; sourceTree = "<group>"; };
		DBD4A298214B2A2E00C3FA70 /* YBImageBrowserView.h */ = {isa = PBXFileReference; fileEncoding = 4; lastKnownFileType = sourcecode.c.h; path = YBImageBrowserView.h; sourceTree = "<group>"; };
		DBD4A299214B2A2E00C3FA70 /* YBImageBrowserViewLayout.m */ = {isa = PBXFileReference; fileEncoding = 4; lastKnownFileType = sourcecode.c.objc; path = YBImageBrowserViewLayout.m; sourceTree = "<group>"; };
		DBD4A29B214B2A2E00C3FA70 /* YBImageBrowserScreenOrientationProtocol.h */ = {isa = PBXFileReference; fileEncoding = 4; lastKnownFileType = sourcecode.c.h; path = YBImageBrowserScreenOrientationProtocol.h; sourceTree = "<group>"; };
		DBD4A29C214B2A2E00C3FA70 /* NSBundle+YBImageBrowser.h */ = {isa = PBXFileReference; fileEncoding = 4; lastKnownFileType = sourcecode.c.h; path = "NSBundle+YBImageBrowser.h"; sourceTree = "<group>"; };
		DBD4A29D214B2A2E00C3FA70 /* YBImageBrowserCopywriter.h */ = {isa = PBXFileReference; fileEncoding = 4; lastKnownFileType = sourcecode.c.h; path = YBImageBrowserCopywriter.h; sourceTree = "<group>"; };
		DBD4A29E214B2A2E00C3FA70 /* YBImageBrowserUtilities.h */ = {isa = PBXFileReference; fileEncoding = 4; lastKnownFileType = sourcecode.c.h; path = YBImageBrowserUtilities.h; sourceTree = "<group>"; };
		DBD4A29F214B2A2E00C3FA70 /* YBImageBrowserDownloader.h */ = {isa = PBXFileReference; fileEncoding = 4; lastKnownFileType = sourcecode.c.h; path = YBImageBrowserDownloader.h; sourceTree = "<group>"; };
		DBD4A2A0214B2A2E00C3FA70 /* YBImageBrowserCopywriter.m */ = {isa = PBXFileReference; fileEncoding = 4; lastKnownFileType = sourcecode.c.objc; path = YBImageBrowserCopywriter.m; sourceTree = "<group>"; };
		DBD4A2A1214B2A2E00C3FA70 /* NSBundle+YBImageBrowser.m */ = {isa = PBXFileReference; fileEncoding = 4; lastKnownFileType = sourcecode.c.objc; path = "NSBundle+YBImageBrowser.m"; sourceTree = "<group>"; };
		DBD4A2A2214B2A2E00C3FA70 /* YBImageBrowserUtilities.m */ = {isa = PBXFileReference; fileEncoding = 4; lastKnownFileType = sourcecode.c.objc; path = YBImageBrowserUtilities.m; sourceTree = "<group>"; };
		DBD4A2A3214B2A2E00C3FA70 /* YBImageBrowserDownloader.m */ = {isa = PBXFileReference; fileEncoding = 4; lastKnownFileType = sourcecode.c.objc; path = YBImageBrowserDownloader.m; sourceTree = "<group>"; };
		DBD4A2A5214B2A2E00C3FA70 /* YBImageBrowserPromptBar.m */ = {isa = PBXFileReference; fileEncoding = 4; lastKnownFileType = sourcecode.c.objc; path = YBImageBrowserPromptBar.m; sourceTree = "<group>"; };
		DBD4A2A6214B2A2E00C3FA70 /* YBImageBrowserProgressBar.m */ = {isa = PBXFileReference; fileEncoding = 4; lastKnownFileType = sourcecode.c.objc; path = YBImageBrowserProgressBar.m; sourceTree = "<group>"; };
		DBD4A2A7214B2A2E00C3FA70 /* YBImageBrowserPromptBar.h */ = {isa = PBXFileReference; fileEncoding = 4; lastKnownFileType = sourcecode.c.h; path = YBImageBrowserPromptBar.h; sourceTree = "<group>"; };
		DBD4A2A8214B2A2E00C3FA70 /* YBImageBrowserProgressBar.h */ = {isa = PBXFileReference; fileEncoding = 4; lastKnownFileType = sourcecode.c.h; path = YBImageBrowserProgressBar.h; sourceTree = "<group>"; };
		DBD4A2A9214B2A2E00C3FA70 /* YBImageBrowser.h */ = {isa = PBXFileReference; fileEncoding = 4; lastKnownFileType = sourcecode.c.h; path = YBImageBrowser.h; sourceTree = "<group>"; };
		DBD4A2AA214B2A2E00C3FA70 /* YBImageBrowser.bundle */ = {isa = PBXFileReference; lastKnownFileType = "wrapper.plug-in"; path = YBImageBrowser.bundle; sourceTree = "<group>"; };
		DBD4A2AB214B2A2E00C3FA70 /* SPPageMenu.h */ = {isa = PBXFileReference; fileEncoding = 4; lastKnownFileType = sourcecode.c.h; path = SPPageMenu.h; sourceTree = "<group>"; };
		DBD4A2AC214B2A2E00C3FA70 /* YYWeakProxy.h */ = {isa = PBXFileReference; fileEncoding = 4; lastKnownFileType = sourcecode.c.h; path = YYWeakProxy.h; sourceTree = "<group>"; };
		EE62D50C46A99B299387083C /* libPods-MONO.a */ = {isa = PBXFileReference; explicitFileType = archive.ar; includeInIndex = 0; path = "libPods-MONO.a"; sourceTree = BUILT_PRODUCTS_DIR; };
/* End PBXFileReference section */

/* Begin PBXFrameworksBuildPhase section */
		DB870999214A64D4003049C5 /* Frameworks */ = {
			isa = PBXFrameworksBuildPhase;
			buildActionMask = 2147483647;
			files = (
				9B9754A4C2BF6C71D4054343 /* libPods-MONO.a in Frameworks */,
			);
			runOnlyForDeploymentPostprocessing = 0;
		};
/* End PBXFrameworksBuildPhase section */

/* Begin PBXGroup section */
		5F61729CE92AD33EF2D49594 /* Pods */ = {
			isa = PBXGroup;
			children = (
				D12B97E57ED9E58E430C83E1 /* Pods-MONO.debug.xcconfig */,
				C6830A0F878E0A23BBF619C0 /* Pods-MONO.release.xcconfig */,
			);
			name = Pods;
			sourceTree = "<group>";
		};
		8D932D09E68EF896165A7DB2 /* Frameworks */ = {
			isa = PBXGroup;
			children = (
				EE62D50C46A99B299387083C /* libPods-MONO.a */,
			);
			name = Frameworks;
			sourceTree = "<group>";
		};
		DB870993214A64D4003049C5 = {
			isa = PBXGroup;
			children = (
				DB87099E214A64D4003049C5 /* MONO */,
				DB87099D214A64D4003049C5 /* Products */,
				5F61729CE92AD33EF2D49594 /* Pods */,
				8D932D09E68EF896165A7DB2 /* Frameworks */,
			);
			sourceTree = "<group>";
		};
		DB87099D214A64D4003049C5 /* Products */ = {
			isa = PBXGroup;
			children = (
				DB87099C214A64D4003049C5 /* MONO.app */,
			);
			name = Products;
			sourceTree = "<group>";
		};
		DB87099E214A64D4003049C5 /* MONO */ = {
			isa = PBXGroup;
			children = (
				DB8709B6214A669F003049C5 /* Appdelegate */,
				DB8709BC214A669F003049C5 /* Class */,
				DB8709BB214A669F003049C5 /* Macro */,
				DB8709BA214A669F003049C5 /* Resource  */,
				DB8709B5214A669F003049C5 /* Tool */,
				DB8709B9214A669F003049C5 /* Vendor */,
				DB8709A2214A64D4003049C5 /* ViewController.h */,
				DB8709A3214A64D4003049C5 /* ViewController.m */,
				DB8709A5214A64D4003049C5 /* Main.storyboard */,
				DB8709A8214A64D6003049C5 /* Assets.xcassets */,
				DB8709AA214A64D6003049C5 /* LaunchScreen.storyboard */,
				DB8709AD214A64D6003049C5 /* Info.plist */,
				DB8709AE214A64D6003049C5 /* main.m */,
			);
			path = MONO;
			sourceTree = "<group>";
		};
		DB8709B5214A669F003049C5 /* Tool */ = {
			isa = PBXGroup;
			children = (
				DBA88D3F214B918E00514269 /* CommendMethod */,
				DBA88D52214B918E00514269 /* MHRefresh */,
				DBA88D4F214B918E00514269 /* MNMusicPlayer */,
				DBA88D42214B918E00514269 /* MoviewHelper */,
				DBA88D4C214B918E00514269 /* NetWork */,
			);
			path = Tool;
			sourceTree = "<group>";
		};
		DB8709B6214A669F003049C5 /* Appdelegate */ = {
			isa = PBXGroup;
			children = (
				DB8709B7214A669F003049C5 /* AppDelegate.h */,
				DB8709B8214A669F003049C5 /* AppDelegate.m */,
			);
			path = Appdelegate;
			sourceTree = "<group>";
		};
		DB8709B9214A669F003049C5 /* Vendor */ = {
			isa = PBXGroup;
			children = (
				DBD4A265214B2A2D00C3FA70 /* ACActionSheet */,
				DBD4A275214B2A2D00C3FA70 /* JKRouter */,
				DBD4A282214B2A2D00C3FA70 /* MBProgressHUD.h */,
				DBD4A261214B2A2D00C3FA70 /* MBProgressHUD.m */,
				DBD4A262214B2A2D00C3FA70 /* MBSwitch */,
				DBD4A27F214B2A2D00C3FA70 /* RQShineLabel */,
				DBD4A26D214B2A2D00C3FA70 /* SDAutoLayout */,
				DBD4A2AB214B2A2E00C3FA70 /* SPPageMenu.h */,
				DBD4A269214B2A2D00C3FA70 /* SPPageMenu.m */,
				DBD4A26A214B2A2D00C3FA70 /* XDProgressView */,
				DBD4A284214B2A2E00C3FA70 /* YBImageBrowser */,
				DBD4A274214B2A2D00C3FA70 /* YYFPSLabel.h */,
				DBD4A273214B2A2D00C3FA70 /* YYFPSLabel.m */,
				DBD4A2AC214B2A2E00C3FA70 /* YYWeakProxy.h */,
				DBD4A283214B2A2E00C3FA70 /* YYWeakProxy.m */,
			);
			path = Vendor;
			sourceTree = "<group>";
		};
		DB8709BA214A669F003049C5 /* Resource  */ = {
			isa = PBXGroup;
			children = (
			);
			path = "Resource ";
			sourceTree = "<group>";
		};
		DB8709BB214A669F003049C5 /* Macro */ = {
			isa = PBXGroup;
			children = (
				DBD4A260214B298600C3FA70 /* PrefixHeader.pch */,
				DBA88D7B214B946E00514269 /* MonoEnum.h */,
			);
			path = Macro;
			sourceTree = "<group>";
		};
		DB8709BC214A669F003049C5 /* Class */ = {
			isa = PBXGroup;
			children = (
				DBA88D60214B91ED00514269 /* Categorys */,
				DBA88D6F214B91EE00514269 /* Community */,
				DBA88D72214B91EE00514269 /* Discover */,
				DBA88D70214B91EE00514269 /* Mine */,
				DBA88D71214B91EE00514269 /* Recommend */,
			);
			path = Class;
			sourceTree = "<group>";
		};
		DBA88D3F214B918E00514269 /* CommendMethod */ = {
			isa = PBXGroup;
			children = (
				DBA88D40214B918E00514269 /* CommendMethod.h */,
				DBA88D41214B918E00514269 /* CommendMethod.m */,
			);
			path = CommendMethod;
			sourceTree = "<group>";
		};
		DBA88D42214B918E00514269 /* MoviewHelper */ = {
			isa = PBXGroup;
			children = (
				DBA88D43214B918E00514269 /* GGStarMovieHelper */,
			);
			path = MoviewHelper;
			sourceTree = "<group>";
		};
		DBA88D43214B918E00514269 /* GGStarMovieHelper */ = {
			isa = PBXGroup;
			children = (
				DBA88D44214B918E00514269 /* GGStartMovieView.m */,
				DBA88D45214B918E00514269 /* PushAnimationView.m */,
				DBA88D46214B918E00514269 /* UIImage+LaunchImage.m */,
				DBA88D47214B918E00514269 /* GGStartMovieHelper.h */,
				DBA88D48214B918E00514269 /* PushAnimationView.h */,
				DBA88D49214B918E00514269 /* GGStartMovieView.h */,
				DBA88D4A214B918E00514269 /* UIImage+LaunchImage.h */,
				DBA88D4B214B918E00514269 /* GGStartMovieHelper.m */,
			);
			path = GGStarMovieHelper;
			sourceTree = "<group>";
		};
		DBA88D4C214B918E00514269 /* NetWork */ = {
			isa = PBXGroup;
			children = (
				DBA88D4D214B918E00514269 /* MNNetworkTool.h */,
				DBA88D4E214B918E00514269 /* MNNetworkTool.m */,
			);
			path = NetWork;
			sourceTree = "<group>";
		};
		DBA88D4F214B918E00514269 /* MNMusicPlayer */ = {
			isa = PBXGroup;
			children = (
				DBA88D50214B918E00514269 /* MNMusicPlayer.m */,
				DBA88D51214B918E00514269 /* MNMusicPlayer.h */,
			);
			path = MNMusicPlayer;
			sourceTree = "<group>";
		};
		DBA88D52214B918E00514269 /* MHRefresh */ = {
			isa = PBXGroup;
			children = (
				DBA88D53214B918E00514269 /* MNRefreshFooter.m */,
				DBA88D54214B918E00514269 /* MNRefreshBlackHeader.h */,
				DBA88D55214B918E00514269 /* MNRefreshFooter.h */,
				DBA88D56214B918E00514269 /* MNRefreshBlackHeader.m */,
			);
			path = MHRefresh;
			sourceTree = "<group>";
		};
		DBA88D60214B91ED00514269 /* Categorys */ = {
			isa = PBXGroup;
			children = (
				DBA88D61214B91ED00514269 /* NSObject+Additions.m */,
				DBA88D62214B91ED00514269 /* MBProgressHUD+Message.h */,
				DBA88D63214B91EE00514269 /* NSDictionary+Additions.m */,
				DBA88D64214B91EE00514269 /* NSArray+MHAdd.m */,
				DBA88D65214B91EE00514269 /* UIColor+Additions.m */,
				DBA88D66214B91EE00514269 /* UIView+Additions.m */,
				DBA88D67214B91EE00514269 /* UIImageView+WebLoad.m */,
				DBA88D68214B91EE00514269 /* NSDictionary+Additions.h */,
				DBA88D69214B91EE00514269 /* MBProgressHUD+Message.m */,
				DBA88D6A214B91EE00514269 /* NSObject+Additions.h */,
				DBA88D6B214B91EE00514269 /* UIColor+Additions.h */,
				DBA88D6C214B91EE00514269 /* NSArray+MHAdd.h */,
				DBA88D6D214B91EE00514269 /* UIView+Additions.h */,
				DBA88D6E214B91EE00514269 /* UIImageView+WebLoad.h */,
			);
			path = Categorys;
			sourceTree = "<group>";
		};
		DBA88D6F214B91EE00514269 /* Community */ = {
			isa = PBXGroup;
			children = (
			);
			path = Community;
			sourceTree = "<group>";
		};
		DBA88D70214B91EE00514269 /* Mine */ = {
			isa = PBXGroup;
			children = (
			);
			path = Mine;
			sourceTree = "<group>";
		};
		DBA88D71214B91EE00514269 /* Recommend */ = {
			isa = PBXGroup;
			children = (
			);
			path = Recommend;
			sourceTree = "<group>";
		};
		DBA88D72214B91EE00514269 /* Discover */ = {
			isa = PBXGroup;
			children = (
			);
			path = Discover;
			sourceTree = "<group>";
		};
		DBD4A262214B2A2D00C3FA70 /* MBSwitch */ = {
			isa = PBXGroup;
			children = (
				DBD4A263214B2A2D00C3FA70 /* MBSwitch.m */,
				DBD4A264214B2A2D00C3FA70 /* MBSwitch.h */,
			);
			path = MBSwitch;
			sourceTree = "<group>";
		};
		DBD4A265214B2A2D00C3FA70 /* ACActionSheet */ = {
			isa = PBXGroup;
			children = (
				DBD4A266214B2A2D00C3FA70 /* ACActionSheet.h */,
				DBD4A267214B2A2D00C3FA70 /* ACActionSheet.bundle */,
				DBD4A268214B2A2D00C3FA70 /* ACActionSheet.m */,
			);
			path = ACActionSheet;
			sourceTree = "<group>";
		};
		DBD4A26A214B2A2D00C3FA70 /* XDProgressView */ = {
			isa = PBXGroup;
			children = (
				DBD4A26B214B2A2D00C3FA70 /* XDProgressView.h */,
				DBD4A26C214B2A2D00C3FA70 /* XDProgressView.m */,
			);
			path = XDProgressView;
			sourceTree = "<group>";
		};
		DBD4A26D214B2A2D00C3FA70 /* SDAutoLayout */ = {
			isa = PBXGroup;
			children = (
				DBD4A26E214B2A2D00C3FA70 /* UIView+SDAutoLayout.m */,
				DBD4A26F214B2A2D00C3FA70 /* UITableView+SDAutoTableViewCellHeight.h */,
				DBD4A270214B2A2D00C3FA70 /* SDAutoLayout.h */,
				DBD4A271214B2A2D00C3FA70 /* UITableView+SDAutoTableViewCellHeight.m */,
				DBD4A272214B2A2D00C3FA70 /* UIView+SDAutoLayout.h */,
			);
			path = SDAutoLayout;
			sourceTree = "<group>";
		};
		DBD4A275214B2A2D00C3FA70 /* JKRouter */ = {
			isa = PBXGroup;
			children = (
				DBD4A276214B2A2D00C3FA70 /* JKJSONHandler.m */,
				DBD4A277214B2A2D00C3FA70 /* JKRouterExtension.m */,
				DBD4A278214B2A2D00C3FA70 /* UIViewController+JKRouter.h */,
				DBD4A279214B2A2D00C3FA70 /* JKRouter.m */,
				DBD4A27A214B2A2D00C3FA70 /* JKJSONHandler.h */,
				DBD4A27B214B2A2D00C3FA70 /* JKRouterExtension.h */,
				DBD4A27C214B2A2D00C3FA70 /* JKRouterHeader.h */,
				DBD4A27D214B2A2D00C3FA70 /* JKRouter.h */,
				DBD4A27E214B2A2D00C3FA70 /* UIViewController+JKRouter.m */,
			);
			path = JKRouter;
			sourceTree = "<group>";
		};
		DBD4A27F214B2A2D00C3FA70 /* RQShineLabel */ = {
			isa = PBXGroup;
			children = (
				DBD4A280214B2A2D00C3FA70 /* RQShineLabel.m */,
				DBD4A281214B2A2D00C3FA70 /* RQShineLabel.h */,
			);
			path = RQShineLabel;
			sourceTree = "<group>";
		};
		DBD4A284214B2A2E00C3FA70 /* YBImageBrowser */ = {
			isa = PBXGroup;
			children = (
				DBD4A285214B2A2E00C3FA70 /* Transition */,
				DBD4A288214B2A2E00C3FA70 /* FunctionBar */,
				DBD4A28D214B2A2E00C3FA70 /* ToolBar */,
				DBD4A290214B2A2E00C3FA70 /* YBImageBrowser.m */,
				DBD4A291214B2A2E00C3FA70 /* CoreStructure */,
				DBD4A29A214B2A2E00C3FA70 /* Utilities */,
				DBD4A2A4214B2A2E00C3FA70 /* AssistBar */,
				DBD4A2A9214B2A2E00C3FA70 /* YBImageBrowser.h */,
				DBD4A2AA214B2A2E00C3FA70 /* YBImageBrowser.bundle */,
			);
			path = YBImageBrowser;
			sourceTree = "<group>";
		};
		DBD4A285214B2A2E00C3FA70 /* Transition */ = {
			isa = PBXGroup;
			children = (
				DBD4A286214B2A2E00C3FA70 /* YBImageBrowserAnimatedTransitioning.h */,
				DBD4A287214B2A2E00C3FA70 /* YBImageBrowserAnimatedTransitioning.m */,
			);
			path = Transition;
			sourceTree = "<group>";
		};
		DBD4A288214B2A2E00C3FA70 /* FunctionBar */ = {
			isa = PBXGroup;
			children = (
				DBD4A289214B2A2E00C3FA70 /* YBImageBrowserFunctionBar.h */,
				DBD4A28A214B2A2E00C3FA70 /* YBImageBrowserFunctionModel.m */,
				DBD4A28B214B2A2E00C3FA70 /* YBImageBrowserFunctionBar.m */,
				DBD4A28C214B2A2E00C3FA70 /* YBImageBrowserFunctionModel.h */,
			);
			path = FunctionBar;
			sourceTree = "<group>";
		};
		DBD4A28D214B2A2E00C3FA70 /* ToolBar */ = {
			isa = PBXGroup;
			children = (
				DBD4A28E214B2A2E00C3FA70 /* YBImageBrowserToolBar.m */,
				DBD4A28F214B2A2E00C3FA70 /* YBImageBrowserToolBar.h */,
			);
			path = ToolBar;
			sourceTree = "<group>";
		};
		DBD4A291214B2A2E00C3FA70 /* CoreStructure */ = {
			isa = PBXGroup;
			children = (
				DBD4A292214B2A2E00C3FA70 /* YBImageBrowserCell.m */,
				DBD4A293214B2A2E00C3FA70 /* YBImageBrowserModel.h */,
				DBD4A294214B2A2E00C3FA70 /* YBImageBrowserView.m */,
				DBD4A295214B2A2E00C3FA70 /* YBImageBrowserViewLayout.h */,
				DBD4A296214B2A2E00C3FA70 /* YBImageBrowserModel.m */,
				DBD4A297214B2A2E00C3FA70 /* YBImageBrowserCell.h */,
				DBD4A298214B2A2E00C3FA70 /* YBImageBrowserView.h */,
				DBD4A299214B2A2E00C3FA70 /* YBImageBrowserViewLayout.m */,
			);
			path = CoreStructure;
			sourceTree = "<group>";
		};
		DBD4A29A214B2A2E00C3FA70 /* Utilities */ = {
			isa = PBXGroup;
			children = (
				DBD4A29B214B2A2E00C3FA70 /* YBImageBrowserScreenOrientationProtocol.h */,
				DBD4A29C214B2A2E00C3FA70 /* NSBundle+YBImageBrowser.h */,
				DBD4A29D214B2A2E00C3FA70 /* YBImageBrowserCopywriter.h */,
				DBD4A29E214B2A2E00C3FA70 /* YBImageBrowserUtilities.h */,
				DBD4A29F214B2A2E00C3FA70 /* YBImageBrowserDownloader.h */,
				DBD4A2A0214B2A2E00C3FA70 /* YBImageBrowserCopywriter.m */,
				DBD4A2A1214B2A2E00C3FA70 /* NSBundle+YBImageBrowser.m */,
				DBD4A2A2214B2A2E00C3FA70 /* YBImageBrowserUtilities.m */,
				DBD4A2A3214B2A2E00C3FA70 /* YBImageBrowserDownloader.m */,
			);
			path = Utilities;
			sourceTree = "<group>";
		};
		DBD4A2A4214B2A2E00C3FA70 /* AssistBar */ = {
			isa = PBXGroup;
			children = (
				DBD4A2A5214B2A2E00C3FA70 /* YBImageBrowserPromptBar.m */,
				DBD4A2A6214B2A2E00C3FA70 /* YBImageBrowserProgressBar.m */,
				DBD4A2A7214B2A2E00C3FA70 /* YBImageBrowserPromptBar.h */,
				DBD4A2A8214B2A2E00C3FA70 /* YBImageBrowserProgressBar.h */,
			);
			path = AssistBar;
			sourceTree = "<group>";
		};
/* End PBXGroup section */

/* Begin PBXNativeTarget section */
		DB87099B214A64D4003049C5 /* MONO */ = {
			isa = PBXNativeTarget;
			buildConfigurationList = DB8709B2214A64D6003049C5 /* Build configuration list for PBXNativeTarget "MONO" */;
			buildPhases = (
				044C648674A69A8AA5388486 /* [CP] Check Pods Manifest.lock */,
				DB870998214A64D4003049C5 /* Sources */,
				DB870999214A64D4003049C5 /* Frameworks */,
				DB87099A214A64D4003049C5 /* Resources */,
				7A524C954304D3B09DCC6286 /* [CP] Copy Pods Resources */,
			);
			buildRules = (
			);
			dependencies = (
			);
			name = MONO;
			productName = MONO;
			productReference = DB87099C214A64D4003049C5 /* MONO.app */;
			productType = "com.apple.product-type.application";
		};
/* End PBXNativeTarget section */

/* Begin PBXProject section */
		DB870994214A64D4003049C5 /* Project object */ = {
			isa = PBXProject;
			attributes = {
				LastUpgradeCheck = 1000;
				ORGANIZATIONNAME = "万启鹏";
				TargetAttributes = {
					DB87099B214A64D4003049C5 = {
						CreatedOnToolsVersion = 10.0;
					};
				};
			};
			buildConfigurationList = DB870997214A64D4003049C5 /* Build configuration list for PBXProject "MONO" */;
			compatibilityVersion = "Xcode 9.3";
			developmentRegion = en;
			hasScannedForEncodings = 0;
			knownRegions = (
				en,
				Base,
			);
			mainGroup = DB870993214A64D4003049C5;
			productRefGroup = DB87099D214A64D4003049C5 /* Products */;
			projectDirPath = "";
			projectRoot = "";
			targets = (
				DB87099B214A64D4003049C5 /* MONO */,
			);
		};
/* End PBXProject section */

/* Begin PBXResourcesBuildPhase section */
		DB87099A214A64D4003049C5 /* Resources */ = {
			isa = PBXResourcesBuildPhase;
			buildActionMask = 2147483647;
			files = (
				DB8709AC214A64D6003049C5 /* LaunchScreen.storyboard in Resources */,
				DB8709A9214A64D6003049C5 /* Assets.xcassets in Resources */,
				DB8709A7214A64D4003049C5 /* Main.storyboard in Resources */,
				DBD4A2AF214B2A2E00C3FA70 /* ACActionSheet.bundle in Resources */,
				DBD4A2CB214B2A2E00C3FA70 /* YBImageBrowser.bundle in Resources */,
			);
			runOnlyForDeploymentPostprocessing = 0;
		};
/* End PBXResourcesBuildPhase section */

/* Begin PBXShellScriptBuildPhase section */
		044C648674A69A8AA5388486 /* [CP] Check Pods Manifest.lock */ = {
			isa = PBXShellScriptBuildPhase;
			buildActionMask = 2147483647;
			files = (
			);
			inputFileListPaths = (
			);
			inputPaths = (
				"${PODS_PODFILE_DIR_PATH}/Podfile.lock",
				"${PODS_ROOT}/Manifest.lock",
			);
			name = "[CP] Check Pods Manifest.lock";
			outputFileListPaths = (
			);
			outputPaths = (
				"$(DERIVED_FILE_DIR)/Pods-MONO-checkManifestLockResult.txt",
			);
			runOnlyForDeploymentPostprocessing = 0;
			shellPath = /bin/sh;
			shellScript = "diff \"${PODS_PODFILE_DIR_PATH}/Podfile.lock\" \"${PODS_ROOT}/Manifest.lock\" > /dev/null\nif [ $? != 0 ] ; then\n    # print error to STDERR\n    echo \"error: The sandbox is not in sync with the Podfile.lock. Run 'pod install' or update your CocoaPods installation.\" >&2\n    exit 1\nfi\n# This output is used by Xcode 'outputs' to avoid re-running this script phase.\necho \"SUCCESS\" > \"${SCRIPT_OUTPUT_FILE_0}\"\n";
			showEnvVarsInLog = 0;
		};
		7A524C954304D3B09DCC6286 /* [CP] Copy Pods Resources */ = {
			isa = PBXShellScriptBuildPhase;
			buildActionMask = 2147483647;
			files = (
			);
			inputFileListPaths = (
			);
			inputPaths = (
				"${SRCROOT}/Pods/Target Support Files/Pods-MONO/Pods-MONO-resources.sh",
				"${PODS_ROOT}/MJRefresh/MJRefresh/MJRefresh.bundle",
				"${PODS_ROOT}/ZFPlayer/ZFPlayer/ZFPlayer.bundle",
			);
			name = "[CP] Copy Pods Resources";
			outputFileListPaths = (
			);
			outputPaths = (
				"${TARGET_BUILD_DIR}/${UNLOCALIZED_RESOURCES_FOLDER_PATH}/MJRefresh.bundle",
				"${TARGET_BUILD_DIR}/${UNLOCALIZED_RESOURCES_FOLDER_PATH}/ZFPlayer.bundle",
			);
			runOnlyForDeploymentPostprocessing = 0;
			shellPath = /bin/sh;
			shellScript = "\"${SRCROOT}/Pods/Target Support Files/Pods-MONO/Pods-MONO-resources.sh\"\n";
			showEnvVarsInLog = 0;
		};
/* End PBXShellScriptBuildPhase section */

/* Begin PBXSourcesBuildPhase section */
		DB870998214A64D4003049C5 /* Sources */ = {
			isa = PBXSourcesBuildPhase;
			buildActionMask = 2147483647;
			files = (
				DBD4A2C6214B2A2E00C3FA70 /* NSBundle+YBImageBrowser.m in Sources */,
				DBA88D5B214B918E00514269 /* GGStartMovieHelper.m in Sources */,
				DB8709A4214A64D4003049C5 /* ViewController.m in Sources */,
				DBA88D5A214B918E00514269 /* UIImage+LaunchImage.m in Sources */,
				DBD4A2CA214B2A2E00C3FA70 /* YBImageBrowserProgressBar.m in Sources */,
				DBD4A2B0214B2A2E00C3FA70 /* ACActionSheet.m in Sources */,
				DB8709AF214A64D6003049C5 /* main.m in Sources */,
				DBD4A2BE214B2A2E00C3FA70 /* YBImageBrowserFunctionBar.m in Sources */,
				DBD4A2BA214B2A2E00C3FA70 /* RQShineLabel.m in Sources */,
				DBA88D5C214B918E00514269 /* MNNetworkTool.m in Sources */,
				DBD4A2BC214B2A2E00C3FA70 /* YBImageBrowserAnimatedTransitioning.m in Sources */,
				DBA88D74214B91EE00514269 /* NSDictionary+Additions.m in Sources */,
				DBA88D59214B918E00514269 /* PushAnimationView.m in Sources */,
				DBD4A2B5214B2A2E00C3FA70 /* YYFPSLabel.m in Sources */,
				DB8709BD214A669F003049C5 /* AppDelegate.m in Sources */,
				DBA88D58214B918E00514269 /* GGStartMovieView.m in Sources */,
				DBD4A2B4214B2A2E00C3FA70 /* UITableView+SDAutoTableViewCellHeight.m in Sources */,
				DBA88D5F214B918E00514269 /* MNRefreshBlackHeader.m in Sources */,
				DBA88D78214B91EE00514269 /* UIImageView+WebLoad.m in Sources */,
				DBD4A2C3214B2A2E00C3FA70 /* YBImageBrowserModel.m in Sources */,
				DBD4A2C7214B2A2E00C3FA70 /* YBImageBrowserUtilities.m in Sources */,
				DBA88D76214B91EE00514269 /* UIColor+Additions.m in Sources */,
				DBD4A2B1214B2A2E00C3FA70 /* SPPageMenu.m in Sources */,
				DBA88D79214B91EE00514269 /* MBProgressHUD+Message.m in Sources */,
				DBD4A2C5214B2A2E00C3FA70 /* YBImageBrowserCopywriter.m in Sources */,
				DBD4A2B8214B2A2E00C3FA70 /* JKRouter.m in Sources */,
				DBD4A2B6214B2A2E00C3FA70 /* JKJSONHandler.m in Sources */,
				DBD4A2B3214B2A2E00C3FA70 /* UIView+SDAutoLayout.m in Sources */,
				DBD4A2C1214B2A2E00C3FA70 /* YBImageBrowserCell.m in Sources */,
				DBD4A2AE214B2A2E00C3FA70 /* MBSwitch.m in Sources */,
				DBA88D77214B91EE00514269 /* UIView+Additions.m in Sources */,
				DBD4A2AD214B2A2E00C3FA70 /* MBProgressHUD.m in Sources */,
				DBA88D73214B91EE00514269 /* NSObject+Additions.m in Sources */,
				DBD4A2BF214B2A2E00C3FA70 /* YBImageBrowserToolBar.m in Sources */,
				DBA88D5D214B918E00514269 /* MNMusicPlayer.m in Sources */,
				DBD4A2BB214B2A2E00C3FA70 /* YYWeakProxy.m in Sources */,
				DBA88D5E214B918E00514269 /* MNRefreshFooter.m in Sources */,
				DBD4A2B9214B2A2E00C3FA70 /* UIViewController+JKRouter.m in Sources */,
				DBD4A2BD214B2A2E00C3FA70 /* YBImageBrowserFunctionModel.m in Sources */,
				DBD4A2C2214B2A2E00C3FA70 /* YBImageBrowserView.m in Sources */,
				DBD4A2C4214B2A2E00C3FA70 /* YBImageBrowserViewLayout.m in Sources */,
				DBD4A2C0214B2A2E00C3FA70 /* YBImageBrowser.m in Sources */,
				DBD4A2B2214B2A2E00C3FA70 /* XDProgressView.m in Sources */,
				DBA88D75214B91EE00514269 /* NSArray+MHAdd.m in Sources */,
				DBD4A2C8214B2A2E00C3FA70 /* YBImageBrowserDownloader.m in Sources */,
				DBA88D57214B918E00514269 /* CommendMethod.m in Sources */,
				DBD4A2C9214B2A2E00C3FA70 /* YBImageBrowserPromptBar.m in Sources */,
				DBD4A2B7214B2A2E00C3FA70 /* JKRouterExtension.m in Sources */,
			);
			runOnlyForDeploymentPostprocessing = 0;
		};
/* End PBXSourcesBuildPhase section */

/* Begin PBXVariantGroup section */
		DB8709A5214A64D4003049C5 /* Main.storyboard */ = {
			isa = PBXVariantGroup;
			children = (
				DB8709A6214A64D4003049C5 /* Base */,
			);
			name = Main.storyboard;
			sourceTree = "<group>";
		};
		DB8709AA214A64D6003049C5 /* LaunchScreen.storyboard */ = {
			isa = PBXVariantGroup;
			children = (
				DB8709AB214A64D6003049C5 /* Base */,
			);
			name = LaunchScreen.storyboard;
			sourceTree = "<group>";
		};
/* End PBXVariantGroup section */

/* Begin XCBuildConfiguration section */
		DB8709B0214A64D6003049C5 /* Debug */ = {
			isa = XCBuildConfiguration;
			buildSettings = {
				ALWAYS_SEARCH_USER_PATHS = NO;
				CLANG_ANALYZER_NONNULL = YES;
				CLANG_ANALYZER_NUMBER_OBJECT_CONVERSION = YES_AGGRESSIVE;
				CLANG_CXX_LANGUAGE_STANDARD = "gnu++14";
				CLANG_CXX_LIBRARY = "libc++";
				CLANG_ENABLE_MODULES = YES;
				CLANG_ENABLE_OBJC_ARC = YES;
				CLANG_ENABLE_OBJC_WEAK = YES;
				CLANG_WARN_BLOCK_CAPTURE_AUTORELEASING = YES;
				CLANG_WARN_BOOL_CONVERSION = YES;
				CLANG_WARN_COMMA = YES;
				CLANG_WARN_CONSTANT_CONVERSION = YES;
				CLANG_WARN_DEPRECATED_OBJC_IMPLEMENTATIONS = YES;
				CLANG_WARN_DIRECT_OBJC_ISA_USAGE = YES_ERROR;
				CLANG_WARN_DOCUMENTATION_COMMENTS = YES;
				CLANG_WARN_EMPTY_BODY = YES;
				CLANG_WARN_ENUM_CONVERSION = YES;
				CLANG_WARN_INFINITE_RECURSION = YES;
				CLANG_WARN_INT_CONVERSION = YES;
				CLANG_WARN_NON_LITERAL_NULL_CONVERSION = YES;
				CLANG_WARN_OBJC_IMPLICIT_RETAIN_SELF = YES;
				CLANG_WARN_OBJC_LITERAL_CONVERSION = YES;
				CLANG_WARN_OBJC_ROOT_CLASS = YES_ERROR;
				CLANG_WARN_RANGE_LOOP_ANALYSIS = YES;
				CLANG_WARN_STRICT_PROTOTYPES = YES;
				CLANG_WARN_SUSPICIOUS_MOVE = YES;
				CLANG_WARN_UNGUARDED_AVAILABILITY = YES_AGGRESSIVE;
				CLANG_WARN_UNREACHABLE_CODE = YES;
				CLANG_WARN__DUPLICATE_METHOD_MATCH = YES;
				CODE_SIGN_IDENTITY = "iPhone Developer";
				COPY_PHASE_STRIP = NO;
				DEBUG_INFORMATION_FORMAT = dwarf;
				ENABLE_STRICT_OBJC_MSGSEND = YES;
				ENABLE_TESTABILITY = YES;
				GCC_C_LANGUAGE_STANDARD = gnu11;
				GCC_DYNAMIC_NO_PIC = NO;
				GCC_NO_COMMON_BLOCKS = YES;
				GCC_OPTIMIZATION_LEVEL = 0;
				GCC_PREPROCESSOR_DEFINITIONS = (
					"DEBUG=1",
					"$(inherited)",
				);
				GCC_WARN_64_TO_32_BIT_CONVERSION = YES;
				GCC_WARN_ABOUT_RETURN_TYPE = YES_ERROR;
				GCC_WARN_UNDECLARED_SELECTOR = YES;
				GCC_WARN_UNINITIALIZED_AUTOS = YES_AGGRESSIVE;
				GCC_WARN_UNUSED_FUNCTION = YES;
				GCC_WARN_UNUSED_VARIABLE = YES;
				IPHONEOS_DEPLOYMENT_TARGET = 12.0;
				MTL_ENABLE_DEBUG_INFO = INCLUDE_SOURCE;
				MTL_FAST_MATH = YES;
				ONLY_ACTIVE_ARCH = YES;
				SDKROOT = iphoneos;
			};
			name = Debug;
		};
		DB8709B1214A64D6003049C5 /* Release */ = {
			isa = XCBuildConfiguration;
			buildSettings = {
				ALWAYS_SEARCH_USER_PATHS = NO;
				CLANG_ANALYZER_NONNULL = YES;
				CLANG_ANALYZER_NUMBER_OBJECT_CONVERSION = YES_AGGRESSIVE;
				CLANG_CXX_LANGUAGE_STANDARD = "gnu++14";
				CLANG_CXX_LIBRARY = "libc++";
				CLANG_ENABLE_MODULES = YES;
				CLANG_ENABLE_OBJC_ARC = YES;
				CLANG_ENABLE_OBJC_WEAK = YES;
				CLANG_WARN_BLOCK_CAPTURE_AUTORELEASING = YES;
				CLANG_WARN_BOOL_CONVERSION = YES;
				CLANG_WARN_COMMA = YES;
				CLANG_WARN_CONSTANT_CONVERSION = YES;
				CLANG_WARN_DEPRECATED_OBJC_IMPLEMENTATIONS = YES;
				CLANG_WARN_DIRECT_OBJC_ISA_USAGE = YES_ERROR;
				CLANG_WARN_DOCUMENTATION_COMMENTS = YES;
				CLANG_WARN_EMPTY_BODY = YES;
				CLANG_WARN_ENUM_CONVERSION = YES;
				CLANG_WARN_INFINITE_RECURSION = YES;
				CLANG_WARN_INT_CONVERSION = YES;
				CLANG_WARN_NON_LITERAL_NULL_CONVERSION = YES;
				CLANG_WARN_OBJC_IMPLICIT_RETAIN_SELF = YES;
				CLANG_WARN_OBJC_LITERAL_CONVERSION = YES;
				CLANG_WARN_OBJC_ROOT_CLASS = YES_ERROR;
				CLANG_WARN_RANGE_LOOP_ANALYSIS = YES;
				CLANG_WARN_STRICT_PROTOTYPES = YES;
				CLANG_WARN_SUSPICIOUS_MOVE = YES;
				CLANG_WARN_UNGUARDED_AVAILABILITY = YES_AGGRESSIVE;
				CLANG_WARN_UNREACHABLE_CODE = YES;
				CLANG_WARN__DUPLICATE_METHOD_MATCH = YES;
				CODE_SIGN_IDENTITY = "iPhone Developer";
				COPY_PHASE_STRIP = NO;
				DEBUG_INFORMATION_FORMAT = "dwarf-with-dsym";
				ENABLE_NS_ASSERTIONS = NO;
				ENABLE_STRICT_OBJC_MSGSEND = YES;
				GCC_C_LANGUAGE_STANDARD = gnu11;
				GCC_NO_COMMON_BLOCKS = YES;
				GCC_WARN_64_TO_32_BIT_CONVERSION = YES;
				GCC_WARN_ABOUT_RETURN_TYPE = YES_ERROR;
				GCC_WARN_UNDECLARED_SELECTOR = YES;
				GCC_WARN_UNINITIALIZED_AUTOS = YES_AGGRESSIVE;
				GCC_WARN_UNUSED_FUNCTION = YES;
				GCC_WARN_UNUSED_VARIABLE = YES;
				IPHONEOS_DEPLOYMENT_TARGET = 12.0;
				MTL_ENABLE_DEBUG_INFO = NO;
				MTL_FAST_MATH = YES;
				SDKROOT = iphoneos;
				VALIDATE_PRODUCT = YES;
			};
			name = Release;
		};
		DB8709B3214A64D6003049C5 /* Debug */ = {
			isa = XCBuildConfiguration;
			baseConfigurationReference = D12B97E57ED9E58E430C83E1 /* Pods-MONO.debug.xcconfig */;
			buildSettings = {
				ASSETCATALOG_COMPILER_APPICON_NAME = AppIcon;
				CODE_SIGN_STYLE = Automatic;
				GCC_PRECOMPILE_PREFIX_HEADER = YES;
				GCC_PREFIX_HEADER = "$(SRCROOT)/MONO/Macro/PrefixHeader.pch";
				INFOPLIST_FILE = MONO/Info.plist;
				IPHONEOS_DEPLOYMENT_TARGET = 9.1;
				LD_RUNPATH_SEARCH_PATHS = (
					"$(inherited)",
					"@executable_path/Frameworks",
				);
				PRODUCT_BUNDLE_IDENTIFIER = abc.com.MONO;
				PRODUCT_NAME = "$(TARGET_NAME)";
				TARGETED_DEVICE_FAMILY = "1,2";
			};
			name = Debug;
		};
		DB8709B4214A64D6003049C5 /* Release */ = {
			isa = XCBuildConfiguration;
			baseConfigurationReference = C6830A0F878E0A23BBF619C0 /* Pods-MONO.release.xcconfig */;
			buildSettings = {
				ASSETCATALOG_COMPILER_APPICON_NAME = AppIcon;
				CODE_SIGN_STYLE = Automatic;
				GCC_PRECOMPILE_PREFIX_HEADER = YES;
				GCC_PREFIX_HEADER = "$(SRCROOT)/MONO/Macro/PrefixHeader.pch";
				INFOPLIST_FILE = MONO/Info.plist;
				IPHONEOS_DEPLOYMENT_TARGET = 9.1;
				LD_RUNPATH_SEARCH_PATHS = (
					"$(inherited)",
					"@executable_path/Frameworks",
				);
				PRODUCT_BUNDLE_IDENTIFIER = abc.com.MONO;
				PRODUCT_NAME = "$(TARGET_NAME)";
				TARGETED_DEVICE_FAMILY = "1,2";
			};
			name = Release;
		};
/* End XCBuildConfiguration section */

/* Begin XCConfigurationList section */
		DB870997214A64D4003049C5 /* Build configuration list for PBXProject "MONO" */ = {
			isa = XCConfigurationList;
			buildConfigurations = (
				DB8709B0214A64D6003049C5 /* Debug */,
				DB8709B1214A64D6003049C5 /* Release */,
			);
			defaultConfigurationIsVisible = 0;
			defaultConfigurationName = Release;
		};
		DB8709B2214A64D6003049C5 /* Build configuration list for PBXNativeTarget "MONO" */ = {
			isa = XCConfigurationList;
			buildConfigurations = (
				DB8709B3214A64D6003049C5 /* Debug */,
				DB8709B4214A64D6003049C5 /* Release */,
			);
			defaultConfigurationIsVisible = 0;
			defaultConfigurationName = Release;
		};
/* End XCConfigurationList section */
	};
	rootObject = DB870994214A64D4003049C5 /* Project object */;
}
