// !$*UTF8*$!
{
	archiveVersion = 1;
	classes = {
	};
	objectVersion = 50;
	objects = {

/* Begin PBXBuildFile section */
		9B9754A4C2BF6C71D4054343 /* libPods-MONO.a in Frameworks */ = {isa = PBXBuildFile; fileRef = EE62D50C46A99B299387083C /* libPods-MONO.a */; };
		DB8709A4214A64D4003049C5 /* ViewController.m in Sources */ = {isa = PBXBuildFile; fileRef = DB8709A3214A64D4003049C5 /* ViewController.m */; };
		DB8709A7214A64D4003049C5 /* Main.storyboard in Resources */ = {isa = PBXBuildFile; fileRef = DB8709A5214A64D4003049C5 /* Main.storyboard */; };
		DB8709A9214A64D6003049C5 /* Assets.xcassets in Resources */ = {isa = PBXBuildFile; fileRef = DB8709A8214A64D6003049C5 /* Assets.xcassets */; };
		DB8709AC214A64D6003049C5 /* LaunchScreen.storyboard in Resources */ = {isa = PBXBuildFile; fileRef = DB8709AA214A64D6003049C5 /* LaunchScreen.storyboard */; };
		DB8709AF214A64D6003049C5 /* main.m in Sources */ = {isa = PBXBuildFile; fileRef = DB8709AE214A64D6003049C5 /* main.m */; };
		DB8709BD214A669F003049C5 /* AppDelegate.m in Sources */ = {isa = PBXBuildFile; fileRef = DB8709B8214A669F003049C5 /* AppDelegate.m */; };
/* End PBXBuildFile section */

/* Begin PBXFileReference section */
		C6830A0F878E0A23BBF619C0 /* Pods-MONO.release.xcconfig */ = {isa = PBXFileReference; includeInIndex = 1; lastKnownFileType = text.xcconfig; name = "Pods-MONO.release.xcconfig"; path = "Pods/Target Support Files/Pods-MONO/Pods-MONO.release.xcconfig"; sourceTree = "<group>"; };
		D12B97E57ED9E58E430C83E1 /* Pods-MONO.debug.xcconfig */ = {isa = PBXFileReference; includeInIndex = 1; lastKnownFileType = text.xcconfig; name = "Pods-MONO.debug.xcconfig"; path = "Pods/Target Support Files/Pods-MONO/Pods-MONO.debug.xcconfig"; sourceTree = "<group>"; };
		DB87099C214A64D4003049C5 /* MONO.app */ = {isa = PBXFileReference; explicitFileType = wrapper.application; includeInIndex = 0; path = MONO.app; sourceTree = BUILT_PRODUCTS_DIR; };
		DB8709A2214A64D4003049C5 /* ViewController.h */ = {isa = PBXFileReference; lastKnownFileType = sourcecode.c.h; path = ViewController.h; sourceTree = "<group>"; };
		DB8709A3214A64D4003049C5 /* ViewController.m */ = {isa = PBXFileReference; lastKnownFileType = sourcecode.c.objc; path = ViewController.m; sourceTree = "<group>"; };
		DB8709A6214A64D4003049C5 /* Base */ = {isa = PBXFileReference; lastKnownFileType = file.storyboard; name = Base; path = Base.lproj/Main.storyboard; sourceTree = "<group>"; };
		DB8709A8214A64D6003049C5 /* Assets.xcassets */ = {isa = PBXFileReference; lastKnownFileType = folder.assetcatalog; path = Assets.xcassets; sourceTree = "<group>"; };
		DB8709AB214A64D6003049C5 /* Base */ = {isa = PBXFileReference; lastKnownFileType = file.storyboard; name = Base; path = Base.lproj/LaunchScreen.storyboard; sourceTree = "<group>"; };
		DB8709AD214A64D6003049C5 /* Info.plist */ = {isa = PBXFileReference; lastKnownFileType = text.plist.xml; path = Info.plist; sourceTree = "<group>"; };
		DB8709AE214A64D6003049C5 /* main.m */ = {isa = PBXFileReference; lastKnownFileType = sourcecode.c.objc; path = main.m; sourceTree = "<group>"; };
		DB8709B7214A669F003049C5 /* AppDelegate.h */ = {isa = PBXFileReference; fileEncoding = 4; lastKnownFileType = sourcecode.c.h; path = AppDelegate.h; sourceTree = "<group>"; };
		DB8709B8214A669F003049C5 /* AppDelegate.m */ = {isa = PBXFileReference; fileEncoding = 4; lastKnownFileType = sourcecode.c.objc; path = AppDelegate.m; sourceTree = "<group>"; };
		EE62D50C46A99B299387083C /* libPods-MONO.a */ = {isa = PBXFileReference; explicitFileType = archive.ar; includeInIndex = 0; path = "libPods-MONO.a"; sourceTree = BUILT_PRODUCTS_DIR; };
/* End PBXFileReference section */

/* Begin PBXFrameworksBuildPhase section */
		DB870999214A64D4003049C5 /* Frameworks */ = {
			isa = PBXFrameworksBuildPhase;
			buildActionMask = 2147483647;
			files = (
				9B9754A4C2BF6C71D4054343 /* libPods-MONO.a in Frameworks */,
			);
			runOnlyForDeploymentPostprocessing = 0;
		};
/* End PBXFrameworksBuildPhase section */

/* Begin PBXGroup section */
		5F61729CE92AD33EF2D49594 /* Pods */ = {
			isa = PBXGroup;
			children = (
				D12B97E57ED9E58E430C83E1 /* Pods-MONO.debug.xcconfig */,
				C6830A0F878E0A23BBF619C0 /* Pods-MONO.release.xcconfig */,
			);
			name = Pods;
			sourceTree = "<group>";
		};
		8D932D09E68EF896165A7DB2 /* Frameworks */ = {
			isa = PBXGroup;
			children = (
				EE62D50C46A99B299387083C /* libPods-MONO.a */,
			);
			name = Frameworks;
			sourceTree = "<group>";
		};
		DB870993214A64D4003049C5 = {
			isa = PBXGroup;
			children = (
				DB87099E214A64D4003049C5 /* MONO */,
				DB87099D214A64D4003049C5 /* Products */,
				5F61729CE92AD33EF2D49594 /* Pods */,
				8D932D09E68EF896165A7DB2 /* Frameworks */,
			);
			sourceTree = "<group>";
		};
		DB87099D214A64D4003049C5 /* Products */ = {
			isa = PBXGroup;
			children = (
				DB87099C214A64D4003049C5 /* MONO.app */,
			);
			name = Products;
			sourceTree = "<group>";
		};
		DB87099E214A64D4003049C5 /* MONO */ = {
			isa = PBXGroup;
			children = (
				DB8709B6214A669F003049C5 /* Appdelegate */,
				DB8709BC214A669F003049C5 /* Class */,
				DB8709BB214A669F003049C5 /* Macro */,
				DB8709BA214A669F003049C5 /* Resource  */,
				DB8709B5214A669F003049C5 /* Tool */,
				DB8709B9214A669F003049C5 /* Vendor */,
				DB8709A2214A64D4003049C5 /* ViewController.h */,
				DB8709A3214A64D4003049C5 /* ViewController.m */,
				DB8709A5214A64D4003049C5 /* Main.storyboard */,
				DB8709A8214A64D6003049C5 /* Assets.xcassets */,
				DB8709AA214A64D6003049C5 /* LaunchScreen.storyboard */,
				DB8709AD214A64D6003049C5 /* Info.plist */,
				DB8709AE214A64D6003049C5 /* main.m */,
			);
			path = MONO;
			sourceTree = "<group>";
		};
		DB8709B5214A669F003049C5 /* Tool */ = {
			isa = PBXGroup;
			children = (
			);
			path = Tool;
			sourceTree = "<group>";
		};
		DB8709B6214A669F003049C5 /* Appdelegate */ = {
			isa = PBXGroup;
			children = (
				DB8709B7214A669F003049C5 /* AppDelegate.h */,
				DB8709B8214A669F003049C5 /* AppDelegate.m */,
			);
			path = Appdelegate;
			sourceTree = "<group>";
		};
		DB8709B9214A669F003049C5 /* Vendor */ = {
			isa = PBXGroup;
			children = (
			);
			path = Vendor;
			sourceTree = "<group>";
		};
		DB8709BA214A669F003049C5 /* Resource  */ = {
			isa = PBXGroup;
			children = (
			);
			path = "Resource ";
			sourceTree = "<group>";
		};
		DB8709BB214A669F003049C5 /* Macro */ = {
			isa = PBXGroup;
			children = (
			);
			path = Macro;
			sourceTree = "<group>";
		};
		DB8709BC214A669F003049C5 /* Class */ = {
			isa = PBXGroup;
			children = (
			);
			path = Class;
			sourceTree = "<group>";
		};
/* End PBXGroup section */

/* Begin PBXNativeTarget section */
		DB87099B214A64D4003049C5 /* MONO */ = {
			isa = PBXNativeTarget;
			buildConfigurationList = DB8709B2214A64D6003049C5 /* Build configuration list for PBXNativeTarget "MONO" */;
			buildPhases = (
				044C648674A69A8AA5388486 /* [CP] Check Pods Manifest.lock */,
				DB870998214A64D4003049C5 /* Sources */,
				DB870999214A64D4003049C5 /* Frameworks */,
				DB87099A214A64D4003049C5 /* Resources */,
				7A524C954304D3B09DCC6286 /* [CP] Copy Pods Resources */,
			);
			buildRules = (
			);
			dependencies = (
			);
			name = MONO;
			productName = MONO;
			productReference = DB87099C214A64D4003049C5 /* MONO.app */;
			productType = "com.apple.product-type.application";
		};
/* End PBXNativeTarget section */

/* Begin PBXProject section */
		DB870994214A64D4003049C5 /* Project object */ = {
			isa = PBXProject;
			attributes = {
				LastUpgradeCheck = 1000;
				ORGANIZATIONNAME = "万启鹏";
				TargetAttributes = {
					DB87099B214A64D4003049C5 = {
						CreatedOnToolsVersion = 10.0;
					};
				};
			};
			buildConfigurationList = DB870997214A64D4003049C5 /* Build configuration list for PBXProject "MONO" */;
			compatibilityVersion = "Xcode 9.3";
			developmentRegion = en;
			hasScannedForEncodings = 0;
			knownRegions = (
				en,
				Base,
			);
			mainGroup = DB870993214A64D4003049C5;
			productRefGroup = DB87099D214A64D4003049C5 /* Products */;
			projectDirPath = "";
			projectRoot = "";
			targets = (
				DB87099B214A64D4003049C5 /* MONO */,
			);
		};
/* End PBXProject section */

/* Begin PBXResourcesBuildPhase section */
		DB87099A214A64D4003049C5 /* Resources */ = {
			isa = PBXResourcesBuildPhase;
			buildActionMask = 2147483647;
			files = (
				DB8709AC214A64D6003049C5 /* LaunchScreen.storyboard in Resources */,
				DB8709A9214A64D6003049C5 /* Assets.xcassets in Resources */,
				DB8709A7214A64D4003049C5 /* Main.storyboard in Resources */,
			);
			runOnlyForDeploymentPostprocessing = 0;
		};
/* End PBXResourcesBuildPhase section */

/* Begin PBXShellScriptBuildPhase section */
		044C648674A69A8AA5388486 /* [CP] Check Pods Manifest.lock */ = {
			isa = PBXShellScriptBuildPhase;
			buildActionMask = 2147483647;
			files = (
			);
			inputFileListPaths = (
			);
			inputPaths = (
				"${PODS_PODFILE_DIR_PATH}/Podfile.lock",
				"${PODS_ROOT}/Manifest.lock",
			);
			name = "[CP] Check Pods Manifest.lock";
			outputFileListPaths = (
			);
			outputPaths = (
				"$(DERIVED_FILE_DIR)/Pods-MONO-checkManifestLockResult.txt",
			);
			runOnlyForDeploymentPostprocessing = 0;
			shellPath = /bin/sh;
			shellScript = "diff \"${PODS_PODFILE_DIR_PATH}/Podfile.lock\" \"${PODS_ROOT}/Manifest.lock\" > /dev/null\nif [ $? != 0 ] ; then\n    # print error to STDERR\n    echo \"error: The sandbox is not in sync with the Podfile.lock. Run 'pod install' or update your CocoaPods installation.\" >&2\n    exit 1\nfi\n# This output is used by Xcode 'outputs' to avoid re-running this script phase.\necho \"SUCCESS\" > \"${SCRIPT_OUTPUT_FILE_0}\"\n";
			showEnvVarsInLog = 0;
		};
		7A524C954304D3B09DCC6286 /* [CP] Copy Pods Resources */ = {
			isa = PBXShellScriptBuildPhase;
			buildActionMask = 2147483647;
			files = (
			);
			inputFileListPaths = (
			);
			inputPaths = (
				"${SRCROOT}/Pods/Target Support Files/Pods-MONO/Pods-MONO-resources.sh",
				"${PODS_ROOT}/MJRefresh/MJRefresh/MJRefresh.bundle",
				"${PODS_ROOT}/ZFPlayer/ZFPlayer/ZFPlayer.bundle",
			);
			name = "[CP] Copy Pods Resources";
			outputFileListPaths = (
			);
			outputPaths = (
				"${TARGET_BUILD_DIR}/${UNLOCALIZED_RESOURCES_FOLDER_PATH}/MJRefresh.bundle",
				"${TARGET_BUILD_DIR}/${UNLOCALIZED_RESOURCES_FOLDER_PATH}/ZFPlayer.bundle",
			);
			runOnlyForDeploymentPostprocessing = 0;
			shellPath = /bin/sh;
			shellScript = "\"${SRCROOT}/Pods/Target Support Files/Pods-MONO/Pods-MONO-resources.sh\"\n";
			showEnvVarsInLog = 0;
		};
/* End PBXShellScriptBuildPhase section */

/* Begin PBXSourcesBuildPhase section */
		DB870998214A64D4003049C5 /* Sources */ = {
			isa = PBXSourcesBuildPhase;
			buildActionMask = 2147483647;
			files = (
				DB8709A4214A64D4003049C5 /* ViewController.m in Sources */,
				DB8709AF214A64D6003049C5 /* main.m in Sources */,
				DB8709BD214A669F003049C5 /* AppDelegate.m in Sources */,
			);
			runOnlyForDeploymentPostprocessing = 0;
		};
/* End PBXSourcesBuildPhase section */

/* Begin PBXVariantGroup section */
		DB8709A5214A64D4003049C5 /* Main.storyboard */ = {
			isa = PBXVariantGroup;
			children = (
				DB8709A6214A64D4003049C5 /* Base */,
			);
			name = Main.storyboard;
			sourceTree = "<group>";
		};
		DB8709AA214A64D6003049C5 /* LaunchScreen.storyboard */ = {
			isa = PBXVariantGroup;
			children = (
				DB8709AB214A64D6003049C5 /* Base */,
			);
			name = LaunchScreen.storyboard;
			sourceTree = "<group>";
		};
/* End PBXVariantGroup section */

/* Begin XCBuildConfiguration section */
		DB8709B0214A64D6003049C5 /* Debug */ = {
			isa = XCBuildConfiguration;
			buildSettings = {
				ALWAYS_SEARCH_USER_PATHS = NO;
				CLANG_ANALYZER_NONNULL = YES;
				CLANG_ANALYZER_NUMBER_OBJECT_CONVERSION = YES_AGGRESSIVE;
				CLANG_CXX_LANGUAGE_STANDARD = "gnu++14";
				CLANG_CXX_LIBRARY = "libc++";
				CLANG_ENABLE_MODULES = YES;
				CLANG_ENABLE_OBJC_ARC = YES;
				CLANG_ENABLE_OBJC_WEAK = YES;
				CLANG_WARN_BLOCK_CAPTURE_AUTORELEASING = YES;
				CLANG_WARN_BOOL_CONVERSION = YES;
				CLANG_WARN_COMMA = YES;
				CLANG_WARN_CONSTANT_CONVERSION = YES;
				CLANG_WARN_DEPRECATED_OBJC_IMPLEMENTATIONS = YES;
				CLANG_WARN_DIRECT_OBJC_ISA_USAGE = YES_ERROR;
				CLANG_WARN_DOCUMENTATION_COMMENTS = YES;
				CLANG_WARN_EMPTY_BODY = YES;
				CLANG_WARN_ENUM_CONVERSION = YES;
				CLANG_WARN_INFINITE_RECURSION = YES;
				CLANG_WARN_INT_CONVERSION = YES;
				CLANG_WARN_NON_LITERAL_NULL_CONVERSION = YES;
				CLANG_WARN_OBJC_IMPLICIT_RETAIN_SELF = YES;
				CLANG_WARN_OBJC_LITERAL_CONVERSION = YES;
				CLANG_WARN_OBJC_ROOT_CLASS = YES_ERROR;
				CLANG_WARN_RANGE_LOOP_ANALYSIS = YES;
				CLANG_WARN_STRICT_PROTOTYPES = YES;
				CLANG_WARN_SUSPICIOUS_MOVE = YES;
				CLANG_WARN_UNGUARDED_AVAILABILITY = YES_AGGRESSIVE;
				CLANG_WARN_UNREACHABLE_CODE = YES;
				CLANG_WARN__DUPLICATE_METHOD_MATCH = YES;
				CODE_SIGN_IDENTITY = "iPhone Developer";
				COPY_PHASE_STRIP = NO;
				DEBUG_INFORMATION_FORMAT = dwarf;
				ENABLE_STRICT_OBJC_MSGSEND = YES;
				ENABLE_TESTABILITY = YES;
				GCC_C_LANGUAGE_STANDARD = gnu11;
				GCC_DYNAMIC_NO_PIC = NO;
				GCC_NO_COMMON_BLOCKS = YES;
				GCC_OPTIMIZATION_LEVEL = 0;
				GCC_PREPROCESSOR_DEFINITIONS = (
					"DEBUG=1",
					"$(inherited)",
				);
				GCC_WARN_64_TO_32_BIT_CONVERSION = YES;
				GCC_WARN_ABOUT_RETURN_TYPE = YES_ERROR;
				GCC_WARN_UNDECLARED_SELECTOR = YES;
				GCC_WARN_UNINITIALIZED_AUTOS = YES_AGGRESSIVE;
				GCC_WARN_UNUSED_FUNCTION = YES;
				GCC_WARN_UNUSED_VARIABLE = YES;
				IPHONEOS_DEPLOYMENT_TARGET = 12.0;
				MTL_ENABLE_DEBUG_INFO = INCLUDE_SOURCE;
				MTL_FAST_MATH = YES;
				ONLY_ACTIVE_ARCH = YES;
				SDKROOT = iphoneos;
			};
			name = Debug;
		};
		DB8709B1214A64D6003049C5 /* Release */ = {
			isa = XCBuildConfiguration;
			buildSettings = {
				ALWAYS_SEARCH_USER_PATHS = NO;
				CLANG_ANALYZER_NONNULL = YES;
				CLANG_ANALYZER_NUMBER_OBJECT_CONVERSION = YES_AGGRESSIVE;
				CLANG_CXX_LANGUAGE_STANDARD = "gnu++14";
				CLANG_CXX_LIBRARY = "libc++";
				CLANG_ENABLE_MODULES = YES;
				CLANG_ENABLE_OBJC_ARC = YES;
				CLANG_ENABLE_OBJC_WEAK = YES;
				CLANG_WARN_BLOCK_CAPTURE_AUTORELEASING = YES;
				CLANG_WARN_BOOL_CONVERSION = YES;
				CLANG_WARN_COMMA = YES;
				CLANG_WARN_CONSTANT_CONVERSION = YES;
				CLANG_WARN_DEPRECATED_OBJC_IMPLEMENTATIONS = YES;
				CLANG_WARN_DIRECT_OBJC_ISA_USAGE = YES_ERROR;
				CLANG_WARN_DOCUMENTATION_COMMENTS = YES;
				CLANG_WARN_EMPTY_BODY = YES;
				CLANG_WARN_ENUM_CONVERSION = YES;
				CLANG_WARN_INFINITE_RECURSION = YES;
				CLANG_WARN_INT_CONVERSION = YES;
				CLANG_WARN_NON_LITERAL_NULL_CONVERSION = YES;
				CLANG_WARN_OBJC_IMPLICIT_RETAIN_SELF = YES;
				CLANG_WARN_OBJC_LITERAL_CONVERSION = YES;
				CLANG_WARN_OBJC_ROOT_CLASS = YES_ERROR;
				CLANG_WARN_RANGE_LOOP_ANALYSIS = YES;
				CLANG_WARN_STRICT_PROTOTYPES = YES;
				CLANG_WARN_SUSPICIOUS_MOVE = YES;
				CLANG_WARN_UNGUARDED_AVAILABILITY = YES_AGGRESSIVE;
				CLANG_WARN_UNREACHABLE_CODE = YES;
				CLANG_WARN__DUPLICATE_METHOD_MATCH = YES;
				CODE_SIGN_IDENTITY = "iPhone Developer";
				COPY_PHASE_STRIP = NO;
				DEBUG_INFORMATION_FORMAT = "dwarf-with-dsym";
				ENABLE_NS_ASSERTIONS = NO;
				ENABLE_STRICT_OBJC_MSGSEND = YES;
				GCC_C_LANGUAGE_STANDARD = gnu11;
				GCC_NO_COMMON_BLOCKS = YES;
				GCC_WARN_64_TO_32_BIT_CONVERSION = YES;
				GCC_WARN_ABOUT_RETURN_TYPE = YES_ERROR;
				GCC_WARN_UNDECLARED_SELECTOR = YES;
				GCC_WARN_UNINITIALIZED_AUTOS = YES_AGGRESSIVE;
				GCC_WARN_UNUSED_FUNCTION = YES;
				GCC_WARN_UNUSED_VARIABLE = YES;
				IPHONEOS_DEPLOYMENT_TARGET = 12.0;
				MTL_ENABLE_DEBUG_INFO = NO;
				MTL_FAST_MATH = YES;
				SDKROOT = iphoneos;
				VALIDATE_PRODUCT = YES;
			};
			name = Release;
		};
		DB8709B3214A64D6003049C5 /* Debug */ = {
			isa = XCBuildConfiguration;
			baseConfigurationReference = D12B97E57ED9E58E430C83E1 /* Pods-MONO.debug.xcconfig */;
			buildSettings = {
				ASSETCATALOG_COMPILER_APPICON_NAME = AppIcon;
				CODE_SIGN_STYLE = Automatic;
				INFOPLIST_FILE = MONO/Info.plist;
				IPHONEOS_DEPLOYMENT_TARGET = 9.1;
				LD_RUNPATH_SEARCH_PATHS = (
					"$(inherited)",
					"@executable_path/Frameworks",
				);
				PRODUCT_BUNDLE_IDENTIFIER = abc.com.MONO;
				PRODUCT_NAME = "$(TARGET_NAME)";
				TARGETED_DEVICE_FAMILY = "1,2";
			};
			name = Debug;
		};
		DB8709B4214A64D6003049C5 /* Release */ = {
			isa = XCBuildConfiguration;
			baseConfigurationReference = C6830A0F878E0A23BBF619C0 /* Pods-MONO.release.xcconfig */;
			buildSettings = {
				ASSETCATALOG_COMPILER_APPICON_NAME = AppIcon;
				CODE_SIGN_STYLE = Automatic;
				INFOPLIST_FILE = MONO/Info.plist;
				IPHONEOS_DEPLOYMENT_TARGET = 9.1;
				LD_RUNPATH_SEARCH_PATHS = (
					"$(inherited)",
					"@executable_path/Frameworks",
				);
				PRODUCT_BUNDLE_IDENTIFIER = abc.com.MONO;
				PRODUCT_NAME = "$(TARGET_NAME)";
				TARGETED_DEVICE_FAMILY = "1,2";
			};
			name = Release;
		};
/* End XCBuildConfiguration section */

/* Begin XCConfigurationList section */
		DB870997214A64D4003049C5 /* Build configuration list for PBXProject "MONO" */ = {
			isa = XCConfigurationList;
			buildConfigurations = (
				DB8709B0214A64D6003049C5 /* Debug */,
				DB8709B1214A64D6003049C5 /* Release */,
			);
			defaultConfigurationIsVisible = 0;
			defaultConfigurationName = Release;
		};
		DB8709B2214A64D6003049C5 /* Build configuration list for PBXNativeTarget "MONO" */ = {
			isa = XCConfigurationList;
			buildConfigurations = (
				DB8709B3214A64D6003049C5 /* Debug */,
				DB8709B4214A64D6003049C5 /* Release */,
			);
			defaultConfigurationIsVisible = 0;
			defaultConfigurationName = Release;
		};
/* End XCConfigurationList section */
	};
	rootObject = DB870994214A64D4003049C5 /* Project object */;
}
